// !$*UTF8*$!
{
	archiveVersion = 1;
	classes = {
	};
	objectVersion = 56;
	objects = {

/* Begin PBXBuildFile section */
		F93239362B28A2DF00470751 /* UserDefaultsStore.swift in Sources */ = {isa = PBXBuildFile; fileRef = F93239352B28A2DF00470751 /* UserDefaultsStore.swift */; };
		F93239382B28C6A700470751 /* ImageSaver.swift in Sources */ = {isa = PBXBuildFile; fileRef = F93239372B28C6A700470751 /* ImageSaver.swift */; };
		F96DA5562B25F5D000ED2E61 /* ManualPublishing.swift in Sources */ = {isa = PBXBuildFile; fileRef = F96DA5552B25F5D000ED2E61 /* ManualPublishing.swift */; };
		F96DA5582B25F98400ED2E61 /* ResultType.swift in Sources */ = {isa = PBXBuildFile; fileRef = F96DA5572B25F98400ED2E61 /* ResultType.swift */; };
		F96DA55A2B25FB6D00ED2E61 /* ImageInterpolation.swift in Sources */ = {isa = PBXBuildFile; fileRef = F96DA5592B25FB6D00ED2E61 /* ImageInterpolation.swift */; };
		F96DA55C2B26191300ED2E61 /* ContextMenus.swift in Sources */ = {isa = PBXBuildFile; fileRef = F96DA55B2B26191300ED2E61 /* ContextMenus.swift */; };
		F96DA55E2B261AA700ED2E61 /* CustomSwipeActions.swift in Sources */ = {isa = PBXBuildFile; fileRef = F96DA55D2B261AA700ED2E61 /* CustomSwipeActions.swift */; };
		F96DA5602B261DB600ED2E61 /* LocalNotifications.swift in Sources */ = {isa = PBXBuildFile; fileRef = F96DA55F2B261DB600ED2E61 /* LocalNotifications.swift */; };
		F96DA5622B26223D00ED2E61 /* SwiftPackageDependencies.swift in Sources */ = {isa = PBXBuildFile; fileRef = F96DA5612B26223D00ED2E61 /* SwiftPackageDependencies.swift */; };
		F96DA5652B26226E00ED2E61 /* SamplePackage in Frameworks */ = {isa = PBXBuildFile; productRef = F96DA5642B26226E00ED2E61 /* SamplePackage */; };
		F96DA5672B26408A00ED2E61 /* ProspectsView.swift in Sources */ = {isa = PBXBuildFile; fileRef = F96DA5662B26408A00ED2E61 /* ProspectsView.swift */; };
		F96DA5692B2640D600ED2E61 /* MeView.swift in Sources */ = {isa = PBXBuildFile; fileRef = F96DA5682B2640D600ED2E61 /* MeView.swift */; };
		F96DA56B2B2644A400ED2E61 /* Prospect.swift in Sources */ = {isa = PBXBuildFile; fileRef = F96DA56A2B2644A400ED2E61 /* Prospect.swift */; };
		F986F4A02B24963500763365 /* HotProspectsApp.swift in Sources */ = {isa = PBXBuildFile; fileRef = F986F49F2B24963500763365 /* HotProspectsApp.swift */; };
		F986F4A22B24963500763365 /* ContentView.swift in Sources */ = {isa = PBXBuildFile; fileRef = F986F4A12B24963500763365 /* ContentView.swift */; };
		F986F4A42B24963600763365 /* Assets.xcassets in Resources */ = {isa = PBXBuildFile; fileRef = F986F4A32B24963600763365 /* Assets.xcassets */; };
		F986F4A72B24963600763365 /* Preview Assets.xcassets in Resources */ = {isa = PBXBuildFile; fileRef = F986F4A62B24963600763365 /* Preview Assets.xcassets */; };
		F986F4AF2B249BF700763365 /* EnvironmentObjects.swift in Sources */ = {isa = PBXBuildFile; fileRef = F986F4AE2B249BF700763365 /* EnvironmentObjects.swift */; };
		F986F4B12B249CD500763365 /* CreatingTabs.swift in Sources */ = {isa = PBXBuildFile; fileRef = F986F4B02B249CD500763365 /* CreatingTabs.swift */; };
		F9E253AE2B278297008D279C /* CodeScanner in Frameworks */ = {isa = PBXBuildFile; productRef = F9E253AD2B278297008D279C /* CodeScanner */; };
/* End PBXBuildFile section */

/* Begin PBXFileReference section */
		F93239352B28A2DF00470751 /* UserDefaultsStore.swift */ = {isa = PBXFileReference; lastKnownFileType = sourcecode.swift; path = UserDefaultsStore.swift; sourceTree = "<group>"; };
		F93239372B28C6A700470751 /* ImageSaver.swift */ = {isa = PBXFileReference; lastKnownFileType = sourcecode.swift; path = ImageSaver.swift; sourceTree = "<group>"; };
		F96DA5552B25F5D000ED2E61 /* ManualPublishing.swift */ = {isa = PBXFileReference; lastKnownFileType = sourcecode.swift; path = ManualPublishing.swift; sourceTree = "<group>"; };
		F96DA5572B25F98400ED2E61 /* ResultType.swift */ = {isa = PBXFileReference; lastKnownFileType = sourcecode.swift; path = ResultType.swift; sourceTree = "<group>"; };
		F96DA5592B25FB6D00ED2E61 /* ImageInterpolation.swift */ = {isa = PBXFileReference; lastKnownFileType = sourcecode.swift; path = ImageInterpolation.swift; sourceTree = "<group>"; };
		F96DA55B2B26191300ED2E61 /* ContextMenus.swift */ = {isa = PBXFileReference; lastKnownFileType = sourcecode.swift; path = ContextMenus.swift; sourceTree = "<group>"; };
		F96DA55D2B261AA700ED2E61 /* CustomSwipeActions.swift */ = {isa = PBXFileReference; lastKnownFileType = sourcecode.swift; path = CustomSwipeActions.swift; sourceTree = "<group>"; };
		F96DA55F2B261DB600ED2E61 /* LocalNotifications.swift */ = {isa = PBXFileReference; lastKnownFileType = sourcecode.swift; path = LocalNotifications.swift; sourceTree = "<group>"; };
		F96DA5612B26223D00ED2E61 /* SwiftPackageDependencies.swift */ = {isa = PBXFileReference; lastKnownFileType = sourcecode.swift; path = SwiftPackageDependencies.swift; sourceTree = "<group>"; };
		F96DA5662B26408A00ED2E61 /* ProspectsView.swift */ = {isa = PBXFileReference; lastKnownFileType = sourcecode.swift; path = ProspectsView.swift; sourceTree = "<group>"; };
		F96DA5682B2640D600ED2E61 /* MeView.swift */ = {isa = PBXFileReference; lastKnownFileType = sourcecode.swift; path = MeView.swift; sourceTree = "<group>"; };
		F96DA56A2B2644A400ED2E61 /* Prospect.swift */ = {isa = PBXFileReference; lastKnownFileType = sourcecode.swift; path = Prospect.swift; sourceTree = "<group>"; };
		F986F49C2B24963500763365 /* HotProspects.app */ = {isa = PBXFileReference; explicitFileType = wrapper.application; includeInIndex = 0; path = HotProspects.app; sourceTree = BUILT_PRODUCTS_DIR; };
		F986F49F2B24963500763365 /* HotProspectsApp.swift */ = {isa = PBXFileReference; lastKnownFileType = sourcecode.swift; path = HotProspectsApp.swift; sourceTree = "<group>"; };
		F986F4A12B24963500763365 /* ContentView.swift */ = {isa = PBXFileReference; lastKnownFileType = sourcecode.swift; path = ContentView.swift; sourceTree = "<group>"; };
		F986F4A32B24963600763365 /* Assets.xcassets */ = {isa = PBXFileReference; lastKnownFileType = folder.assetcatalog; path = Assets.xcassets; sourceTree = "<group>"; };
		F986F4A62B24963600763365 /* Preview Assets.xcassets */ = {isa = PBXFileReference; lastKnownFileType = folder.assetcatalog; path = "Preview Assets.xcassets"; sourceTree = "<group>"; };
		F986F4AE2B249BF700763365 /* EnvironmentObjects.swift */ = {isa = PBXFileReference; lastKnownFileType = sourcecode.swift; path = EnvironmentObjects.swift; sourceTree = "<group>"; };
		F986F4B02B249CD500763365 /* CreatingTabs.swift */ = {isa = PBXFileReference; lastKnownFileType = sourcecode.swift; path = CreatingTabs.swift; sourceTree = "<group>"; };
/* End PBXFileReference section */

/* Begin PBXFrameworksBuildPhase section */
		F986F4992B24963500763365 /* Frameworks */ = {
			isa = PBXFrameworksBuildPhase;
			buildActionMask = 2147483647;
			files = (
				F9E253AE2B278297008D279C /* CodeScanner in Frameworks */,
				F96DA5652B26226E00ED2E61 /* SamplePackage in Frameworks */,
			);
			runOnlyForDeploymentPostprocessing = 0;
		};
/* End PBXFrameworksBuildPhase section */

/* Begin PBXGroup section */
		F986F4932B24963500763365 = {
			isa = PBXGroup;
			children = (
				F986F4AD2B249BE200763365 /* Practices */,
				F986F49E2B24963500763365 /* HotProspects */,
				F986F49D2B24963500763365 /* Products */,
			);
			sourceTree = "<group>";
		};
		F986F49D2B24963500763365 /* Products */ = {
			isa = PBXGroup;
			children = (
				F986F49C2B24963500763365 /* HotProspects.app */,
			);
			name = Products;
			sourceTree = "<group>";
		};
		F986F49E2B24963500763365 /* HotProspects */ = {
			isa = PBXGroup;
			children = (
				F986F49F2B24963500763365 /* HotProspectsApp.swift */,
				F986F4A12B24963500763365 /* ContentView.swift */,
				F96DA5662B26408A00ED2E61 /* ProspectsView.swift */,
				F96DA5682B2640D600ED2E61 /* MeView.swift */,
				F96DA56A2B2644A400ED2E61 /* Prospect.swift */,
				F93239352B28A2DF00470751 /* UserDefaultsStore.swift */,
				F986F4A32B24963600763365 /* Assets.xcassets */,
				F986F4A52B24963600763365 /* Preview Content */,
				F93239372B28C6A700470751 /* ImageSaver.swift */,
			);
			path = HotProspects;
			sourceTree = "<group>";
		};
		F986F4A52B24963600763365 /* Preview Content */ = {
			isa = PBXGroup;
			children = (
				F986F4A62B24963600763365 /* Preview Assets.xcassets */,
			);
			path = "Preview Content";
			sourceTree = "<group>";
		};
		F986F4AD2B249BE200763365 /* Practices */ = {
			isa = PBXGroup;
			children = (
				F986F4AE2B249BF700763365 /* EnvironmentObjects.swift */,
				F986F4B02B249CD500763365 /* CreatingTabs.swift */,
				F96DA5552B25F5D000ED2E61 /* ManualPublishing.swift */,
				F96DA5572B25F98400ED2E61 /* ResultType.swift */,
				F96DA5592B25FB6D00ED2E61 /* ImageInterpolation.swift */,
				F96DA55B2B26191300ED2E61 /* ContextMenus.swift */,
				F96DA55D2B261AA700ED2E61 /* CustomSwipeActions.swift */,
				F96DA55F2B261DB600ED2E61 /* LocalNotifications.swift */,
				F96DA5612B26223D00ED2E61 /* SwiftPackageDependencies.swift */,
			);
			path = Practices;
			sourceTree = "<group>";
		};
/* End PBXGroup section */

/* Begin PBXNativeTarget section */
		F986F49B2B24963500763365 /* HotProspects */ = {
			isa = PBXNativeTarget;
			buildConfigurationList = F986F4AA2B24963600763365 /* Build configuration list for PBXNativeTarget "HotProspects" */;
			buildPhases = (
				F986F4982B24963500763365 /* Sources */,
				F986F4992B24963500763365 /* Frameworks */,
				F986F49A2B24963500763365 /* Resources */,
			);
			buildRules = (
			);
			dependencies = (
			);
			name = HotProspects;
			packageProductDependencies = (
				F96DA5642B26226E00ED2E61 /* SamplePackage */,
				F9E253AD2B278297008D279C /* CodeScanner */,
			);
			productName = HotProspects;
			productReference = F986F49C2B24963500763365 /* HotProspects.app */;
			productType = "com.apple.product-type.application";
		};
/* End PBXNativeTarget section */

/* Begin PBXProject section */
		F986F4942B24963500763365 /* Project object */ = {
			isa = PBXProject;
			attributes = {
				BuildIndependentTargetsInParallel = 1;
				LastSwiftUpdateCheck = 1500;
				LastUpgradeCheck = 1500;
				TargetAttributes = {
					F986F49B2B24963500763365 = {
						CreatedOnToolsVersion = 15.0.1;
					};
				};
			};
			buildConfigurationList = F986F4972B24963500763365 /* Build configuration list for PBXProject "HotProspects" */;
			compatibilityVersion = "Xcode 14.0";
			developmentRegion = en;
			hasScannedForEncodings = 0;
			knownRegions = (
				en,
				Base,
			);
			mainGroup = F986F4932B24963500763365;
			packageReferences = (
				F96DA5632B26226E00ED2E61 /* XCRemoteSwiftPackageReference "SamplePackage" */,
				F9E253AC2B278297008D279C /* XCRemoteSwiftPackageReference "CodeScanner" */,
			);
			productRefGroup = F986F49D2B24963500763365 /* Products */;
			projectDirPath = "";
			projectRoot = "";
			targets = (
				F986F49B2B24963500763365 /* HotProspects */,
			);
		};
/* End PBXProject section */

/* Begin PBXResourcesBuildPhase section */
		F986F49A2B24963500763365 /* Resources */ = {
			isa = PBXResourcesBuildPhase;
			buildActionMask = 2147483647;
			files = (
				F986F4A72B24963600763365 /* Preview Assets.xcassets in Resources */,
				F986F4A42B24963600763365 /* Assets.xcassets in Resources */,
			);
			runOnlyForDeploymentPostprocessing = 0;
		};
/* End PBXResourcesBuildPhase section */

/* Begin PBXSourcesBuildPhase section */
		F986F4982B24963500763365 /* Sources */ = {
			isa = PBXSourcesBuildPhase;
			buildActionMask = 2147483647;
			files = (
				F96DA5672B26408A00ED2E61 /* ProspectsView.swift in Sources */,
				F96DA5622B26223D00ED2E61 /* SwiftPackageDependencies.swift in Sources */,
				F986F4B12B249CD500763365 /* CreatingTabs.swift in Sources */,
				F96DA56B2B2644A400ED2E61 /* Prospect.swift in Sources */,
				F986F4AF2B249BF700763365 /* EnvironmentObjects.swift in Sources */,
				F96DA55C2B26191300ED2E61 /* ContextMenus.swift in Sources */,
				F986F4A22B24963500763365 /* ContentView.swift in Sources */,
				F96DA5562B25F5D000ED2E61 /* ManualPublishing.swift in Sources */,
				F96DA55A2B25FB6D00ED2E61 /* ImageInterpolation.swift in Sources */,
				F96DA5582B25F98400ED2E61 /* ResultType.swift in Sources */,
				F96DA55E2B261AA700ED2E61 /* CustomSwipeActions.swift in Sources */,
				F93239362B28A2DF00470751 /* UserDefaultsStore.swift in Sources */,
				F96DA5602B261DB600ED2E61 /* LocalNotifications.swift in Sources */,
				F986F4A02B24963500763365 /* HotProspectsApp.swift in Sources */,
				F96DA5692B2640D600ED2E61 /* MeView.swift in Sources */,
				F93239382B28C6A700470751 /* ImageSaver.swift in Sources */,
			);
			runOnlyForDeploymentPostprocessing = 0;
		};
/* End PBXSourcesBuildPhase section */

/* Begin XCBuildConfiguration section */
		F986F4A82B24963600763365 /* Debug */ = {
			isa = XCBuildConfiguration;
			buildSettings = {
				ALWAYS_SEARCH_USER_PATHS = NO;
				ASSETCATALOG_COMPILER_GENERATE_SWIFT_ASSET_SYMBOL_EXTENSIONS = YES;
				CLANG_ANALYZER_NONNULL = YES;
				CLANG_ANALYZER_NUMBER_OBJECT_CONVERSION = YES_AGGRESSIVE;
				CLANG_CXX_LANGUAGE_STANDARD = "gnu++20";
				CLANG_ENABLE_MODULES = YES;
				CLANG_ENABLE_OBJC_ARC = YES;
				CLANG_ENABLE_OBJC_WEAK = YES;
				CLANG_WARN_BLOCK_CAPTURE_AUTORELEASING = YES;
				CLANG_WARN_BOOL_CONVERSION = YES;
				CLANG_WARN_COMMA = YES;
				CLANG_WARN_CONSTANT_CONVERSION = YES;
				CLANG_WARN_DEPRECATED_OBJC_IMPLEMENTATIONS = YES;
				CLANG_WARN_DIRECT_OBJC_ISA_USAGE = YES_ERROR;
				CLANG_WARN_DOCUMENTATION_COMMENTS = YES;
				CLANG_WARN_EMPTY_BODY = YES;
				CLANG_WARN_ENUM_CONVERSION = YES;
				CLANG_WARN_INFINITE_RECURSION = YES;
				CLANG_WARN_INT_CONVERSION = YES;
				CLANG_WARN_NON_LITERAL_NULL_CONVERSION = YES;
				CLANG_WARN_OBJC_IMPLICIT_RETAIN_SELF = YES;
				CLANG_WARN_OBJC_LITERAL_CONVERSION = YES;
				CLANG_WARN_OBJC_ROOT_CLASS = YES_ERROR;
				CLANG_WARN_QUOTED_INCLUDE_IN_FRAMEWORK_HEADER = YES;
				CLANG_WARN_RANGE_LOOP_ANALYSIS = YES;
				CLANG_WARN_STRICT_PROTOTYPES = YES;
				CLANG_WARN_SUSPICIOUS_MOVE = YES;
				CLANG_WARN_UNGUARDED_AVAILABILITY = YES_AGGRESSIVE;
				CLANG_WARN_UNREACHABLE_CODE = YES;
				CLANG_WARN__DUPLICATE_METHOD_MATCH = YES;
				COPY_PHASE_STRIP = NO;
				DEBUG_INFORMATION_FORMAT = dwarf;
				ENABLE_STRICT_OBJC_MSGSEND = YES;
				ENABLE_TESTABILITY = YES;
				ENABLE_USER_SCRIPT_SANDBOXING = YES;
				GCC_C_LANGUAGE_STANDARD = gnu17;
				GCC_DYNAMIC_NO_PIC = NO;
				GCC_NO_COMMON_BLOCKS = YES;
				GCC_OPTIMIZATION_LEVEL = 0;
				GCC_PREPROCESSOR_DEFINITIONS = (
					"DEBUG=1",
					"$(inherited)",
				);
				GCC_WARN_64_TO_32_BIT_CONVERSION = YES;
				GCC_WARN_ABOUT_RETURN_TYPE = YES_ERROR;
				GCC_WARN_UNDECLARED_SELECTOR = YES;
				GCC_WARN_UNINITIALIZED_AUTOS = YES_AGGRESSIVE;
				GCC_WARN_UNUSED_FUNCTION = YES;
				GCC_WARN_UNUSED_VARIABLE = YES;
				IPHONEOS_DEPLOYMENT_TARGET = 17.0;
				LOCALIZATION_PREFERS_STRING_CATALOGS = YES;
				MTL_ENABLE_DEBUG_INFO = INCLUDE_SOURCE;
				MTL_FAST_MATH = YES;
				ONLY_ACTIVE_ARCH = YES;
				SDKROOT = iphoneos;
				SWIFT_ACTIVE_COMPILATION_CONDITIONS = "DEBUG $(inherited)";
				SWIFT_OPTIMIZATION_LEVEL = "-Onone";
			};
			name = Debug;
		};
		F986F4A92B24963600763365 /* Release */ = {
			isa = XCBuildConfiguration;
			buildSettings = {
				ALWAYS_SEARCH_USER_PATHS = NO;
				ASSETCATALOG_COMPILER_GENERATE_SWIFT_ASSET_SYMBOL_EXTENSIONS = YES;
				CLANG_ANALYZER_NONNULL = YES;
				CLANG_ANALYZER_NUMBER_OBJECT_CONVERSION = YES_AGGRESSIVE;
				CLANG_CXX_LANGUAGE_STANDARD = "gnu++20";
				CLANG_ENABLE_MODULES = YES;
				CLANG_ENABLE_OBJC_ARC = YES;
				CLANG_ENABLE_OBJC_WEAK = YES;
				CLANG_WARN_BLOCK_CAPTURE_AUTORELEASING = YES;
				CLANG_WARN_BOOL_CONVERSION = YES;
				CLANG_WARN_COMMA = YES;
				CLANG_WARN_CONSTANT_CONVERSION = YES;
				CLANG_WARN_DEPRECATED_OBJC_IMPLEMENTATIONS = YES;
				CLANG_WARN_DIRECT_OBJC_ISA_USAGE = YES_ERROR;
				CLANG_WARN_DOCUMENTATION_COMMENTS = YES;
				CLANG_WARN_EMPTY_BODY = YES;
				CLANG_WARN_ENUM_CONVERSION = YES;
				CLANG_WARN_INFINITE_RECURSION = YES;
				CLANG_WARN_INT_CONVERSION = YES;
				CLANG_WARN_NON_LITERAL_NULL_CONVERSION = YES;
				CLANG_WARN_OBJC_IMPLICIT_RETAIN_SELF = YES;
				CLANG_WARN_OBJC_LITERAL_CONVERSION = YES;
				CLANG_WARN_OBJC_ROOT_CLASS = YES_ERROR;
				CLANG_WARN_QUOTED_INCLUDE_IN_FRAMEWORK_HEADER = YES;
				CLANG_WARN_RANGE_LOOP_ANALYSIS = YES;
				CLANG_WARN_STRICT_PROTOTYPES = YES;
				CLANG_WARN_SUSPICIOUS_MOVE = YES;
				CLANG_WARN_UNGUARDED_AVAILABILITY = YES_AGGRESSIVE;
				CLANG_WARN_UNREACHABLE_CODE = YES;
				CLANG_WARN__DUPLICATE_METHOD_MATCH = YES;
				COPY_PHASE_STRIP = NO;
				DEBUG_INFORMATION_FORMAT = "dwarf-with-dsym";
				ENABLE_NS_ASSERTIONS = NO;
				ENABLE_STRICT_OBJC_MSGSEND = YES;
				ENABLE_USER_SCRIPT_SANDBOXING = YES;
				GCC_C_LANGUAGE_STANDARD = gnu17;
				GCC_NO_COMMON_BLOCKS = YES;
				GCC_WARN_64_TO_32_BIT_CONVERSION = YES;
				GCC_WARN_ABOUT_RETURN_TYPE = YES_ERROR;
				GCC_WARN_UNDECLARED_SELECTOR = YES;
				GCC_WARN_UNINITIALIZED_AUTOS = YES_AGGRESSIVE;
				GCC_WARN_UNUSED_FUNCTION = YES;
				GCC_WARN_UNUSED_VARIABLE = YES;
				IPHONEOS_DEPLOYMENT_TARGET = 17.0;
				LOCALIZATION_PREFERS_STRING_CATALOGS = YES;
				MTL_ENABLE_DEBUG_INFO = NO;
				MTL_FAST_MATH = YES;
				SDKROOT = iphoneos;
				SWIFT_COMPILATION_MODE = wholemodule;
				VALIDATE_PRODUCT = YES;
			};
			name = Release;
		};
		F986F4AB2B24963600763365 /* Debug */ = {
			isa = XCBuildConfiguration;
			buildSettings = {
				ASSETCATALOG_COMPILER_APPICON_NAME = AppIcon;
				ASSETCATALOG_COMPILER_GLOBAL_ACCENT_COLOR_NAME = AccentColor;
				CODE_SIGN_STYLE = Automatic;
				CURRENT_PROJECT_VERSION = 1;
				DEVELOPMENT_ASSET_PATHS = "\"HotProspects/Preview Content\"";
				DEVELOPMENT_TEAM = KJZJDKU3SG;
				ENABLE_PREVIEWS = YES;
				GENERATE_INFOPLIST_FILE = YES;
				INFOPLIST_KEY_NSCameraUsageDescription = "We need to scan QR Codes";
				INFOPLIST_KEY_NSPhotoLibraryAddUsageDescription = "We want to save your QR code";
				INFOPLIST_KEY_UIApplicationSceneManifest_Generation = YES;
				INFOPLIST_KEY_UIApplicationSupportsIndirectInputEvents = YES;
				INFOPLIST_KEY_UILaunchScreen_Generation = YES;
				INFOPLIST_KEY_UISupportedInterfaceOrientations_iPad = "UIInterfaceOrientationPortrait UIInterfaceOrientationPortraitUpsideDown UIInterfaceOrientationLandscapeLeft UIInterfaceOrientationLandscapeRight";
				INFOPLIST_KEY_UISupportedInterfaceOrientations_iPhone = "UIInterfaceOrientationPortrait UIInterfaceOrientationLandscapeLeft UIInterfaceOrientationLandscapeRight";
				LD_RUNPATH_SEARCH_PATHS = (
					"$(inherited)",
					"@executable_path/Frameworks",
				);
				MARKETING_VERSION = 1.0;
				PRODUCT_BUNDLE_IDENTIFIER = com.eraydiler.HotProspects;
				PRODUCT_NAME = "$(TARGET_NAME)";
				SWIFT_EMIT_LOC_STRINGS = YES;
				SWIFT_VERSION = 5.0;
				TARGETED_DEVICE_FAMILY = "1,2";
			};
			name = Debug;
		};
		F986F4AC2B24963600763365 /* Release */ = {
			isa = XCBuildConfiguration;
			buildSettings = {
				ASSETCATALOG_COMPILER_APPICON_NAME = AppIcon;
				ASSETCATALOG_COMPILER_GLOBAL_ACCENT_COLOR_NAME = AccentColor;
				CODE_SIGN_STYLE = Automatic;
				CURRENT_PROJECT_VERSION = 1;
				DEVELOPMENT_ASSET_PATHS = "\"HotProspects/Preview Content\"";
				DEVELOPMENT_TEAM = KJZJDKU3SG;
				ENABLE_PREVIEWS = YES;
				GENERATE_INFOPLIST_FILE = YES;
				INFOPLIST_KEY_NSCameraUsageDescription = "We need to scan QR Codes";
				INFOPLIST_KEY_NSPhotoLibraryAddUsageDescription = "We want to save your QR code";
				INFOPLIST_KEY_UIApplicationSceneManifest_Generation = YES;
				INFOPLIST_KEY_UIApplicationSupportsIndirectInputEvents = YES;
				INFOPLIST_KEY_UILaunchScreen_Generation = YES;
				INFOPLIST_KEY_UISupportedInterfaceOrientations_iPad = "UIInterfaceOrientationPortrait UIInterfaceOrientationPortraitUpsideDown UIInterfaceOrientationLandscapeLeft UIInterfaceOrientationLandscapeRight";
				INFOPLIST_KEY_UISupportedInterfaceOrientations_iPhone = "UIInterfaceOrientationPortrait UIInterfaceOrientationLandscapeLeft UIInterfaceOrientationLandscapeRight";
				LD_RUNPATH_SEARCH_PATHS = (
					"$(inherited)",
					"@executable_path/Frameworks",
				);
				MARKETING_VERSION = 1.0;
				PRODUCT_BUNDLE_IDENTIFIER = com.eraydiler.HotProspects;
				PRODUCT_NAME = "$(TARGET_NAME)";
				SWIFT_EMIT_LOC_STRINGS = YES;
				SWIFT_VERSION = 5.0;
				TARGETED_DEVICE_FAMILY = "1,2";
			};
			name = Release;
		};
/* End XCBuildConfiguration section */

/* Begin XCConfigurationList section */
		F986F4972B24963500763365 /* Build configuration list for PBXProject "HotProspects" */ = {
			isa = XCConfigurationList;
			buildConfigurations = (
				F986F4A82B24963600763365 /* Debug */,
				F986F4A92B24963600763365 /* Release */,
			);
			defaultConfigurationIsVisible = 0;
			defaultConfigurationName = Release;
		};
		F986F4AA2B24963600763365 /* Build configuration list for PBXNativeTarget "HotProspects" */ = {
			isa = XCConfigurationList;
			buildConfigurations = (
				F986F4AB2B24963600763365 /* Debug */,
				F986F4AC2B24963600763365 /* Release */,
			);
			defaultConfigurationIsVisible = 0;
			defaultConfigurationName = Release;
		};
/* End XCConfigurationList section */

/* Begin XCRemoteSwiftPackageReference section */
		F96DA5632B26226E00ED2E61 /* XCRemoteSwiftPackageReference "SamplePackage" */ = {
			isa = XCRemoteSwiftPackageReference;
			repositoryURL = "https://github.com/twostraws/SamplePackage";
			requirement = {
				kind = upToNextMajorVersion;
				minimumVersion = 1.0.0;
			};
		};
		F9E253AC2B278297008D279C /* XCRemoteSwiftPackageReference "CodeScanner" */ = {
			isa = XCRemoteSwiftPackageReference;
			repositoryURL = "https://github.com/twostraws/CodeScanner";
			requirement = {
				kind = upToNextMajorVersion;
				minimumVersion = 2.3.3;
			};
		};
/* End XCRemoteSwiftPackageReference section */

/* Begin XCSwiftPackageProductDependency section */
		F96DA5642B26226E00ED2E61 /* SamplePackage */ = {
			isa = XCSwiftPackageProductDependency;
			package = F96DA5632B26226E00ED2E61 /* XCRemoteSwiftPackageReference "SamplePackage" */;
			productName = SamplePackage;
		};
		F9E253AD2B278297008D279C /* CodeScanner */ = {
			isa = XCSwiftPackageProductDependency;
			package = F9E253AC2B278297008D279C /* XCRemoteSwiftPackageReference "CodeScanner" */;
			productName = CodeScanner;
		};
/* End XCSwiftPackageProductDependency section */
	};
	rootObject = F986F4942B24963500763365 /* Project object */;
}
