// !$*UTF8*$!
{
	archiveVersion = 1;
	classes = {
	};
	objectVersion = 56;
	objects = {

/* Begin PBXBuildFile section */
		F9159D942B31D28F00CE4DF4 /* Timers.swift in Sources */ = {isa = PBXBuildFile; fileRef = F9159D932B31D28F00CE4DF4 /* Timers.swift */; };
		F9159D962B31D51900CE4DF4 /* AppStates.swift in Sources */ = {isa = PBXBuildFile; fileRef = F9159D952B31D51900CE4DF4 /* AppStates.swift */; };
		F9159D982B31E9E900CE4DF4 /* SpecificAccessibilitySupport.swift in Sources */ = {isa = PBXBuildFile; fileRef = F9159D972B31E9E900CE4DF4 /* SpecificAccessibilitySupport.swift */; };
		F970CADE2B375E28000B25DC /* CardStackEditView.swift in Sources */ = {isa = PBXBuildFile; fileRef = F970CADD2B375E28000B25DC /* CardStackEditView.swift */; };
		F9715EFD2B336C530053CF6F /* Card.swift in Sources */ = {isa = PBXBuildFile; fileRef = F9715EFC2B336C530053CF6F /* Card.swift */; };
		F9715EFF2B336CAF0053CF6F /* CardView.swift in Sources */ = {isa = PBXBuildFile; fileRef = F9715EFE2B336CAF0053CF6F /* CardView.swift */; };
		F977C4ED2B30D109008CA993 /* Gestures.swift in Sources */ = {isa = PBXBuildFile; fileRef = F977C4EC2B30D109008CA993 /* Gestures.swift */; };
		F977C4EF2B30D4C3008CA993 /* HapticEffects.swift in Sources */ = {isa = PBXBuildFile; fileRef = F977C4EE2B30D4C3008CA993 /* HapticEffects.swift */; };
		F977C4F12B30DDE2008CA993 /* HitTesting.swift in Sources */ = {isa = PBXBuildFile; fileRef = F977C4F02B30DDE2008CA993 /* HitTesting.swift */; };
		F98527F32B39D1600056D24D /* Store.swift in Sources */ = {isa = PBXBuildFile; fileRef = F98527F22B39D1600056D24D /* Store.swift */; };
		F98527F52B39D1A90056D24D /* FileManager+Codable.swift in Sources */ = {isa = PBXBuildFile; fileRef = F98527F42B39D1A90056D24D /* FileManager+Codable.swift */; };
		F9AFF9C32B2F509A002AC1C8 /* FlashzillaApp.swift in Sources */ = {isa = PBXBuildFile; fileRef = F9AFF9C22B2F509A002AC1C8 /* FlashzillaApp.swift */; };
		F9AFF9C52B2F509A002AC1C8 /* CardStackView.swift in Sources */ = {isa = PBXBuildFile; fileRef = F9AFF9C42B2F509A002AC1C8 /* CardStackView.swift */; };
		F9AFF9C72B2F509B002AC1C8 /* Assets.xcassets in Resources */ = {isa = PBXBuildFile; fileRef = F9AFF9C62B2F509B002AC1C8 /* Assets.xcassets */; };
		F9AFF9CA2B2F509B002AC1C8 /* Preview Assets.xcassets in Resources */ = {isa = PBXBuildFile; fileRef = F9AFF9C92B2F509B002AC1C8 /* Preview Assets.xcassets */; };
/* End PBXBuildFile section */

/* Begin PBXFileReference section */
		F9159D932B31D28F00CE4DF4 /* Timers.swift */ = {isa = PBXFileReference; lastKnownFileType = sourcecode.swift; path = Timers.swift; sourceTree = "<group>"; };
		F9159D952B31D51900CE4DF4 /* AppStates.swift */ = {isa = PBXFileReference; lastKnownFileType = sourcecode.swift; path = AppStates.swift; sourceTree = "<group>"; };
		F9159D972B31E9E900CE4DF4 /* SpecificAccessibilitySupport.swift */ = {isa = PBXFileReference; lastKnownFileType = sourcecode.swift; path = SpecificAccessibilitySupport.swift; sourceTree = "<group>"; };
		F970CADD2B375E28000B25DC /* CardStackEditView.swift */ = {isa = PBXFileReference; lastKnownFileType = sourcecode.swift; path = CardStackEditView.swift; sourceTree = "<group>"; };
		F9715EFC2B336C530053CF6F /* Card.swift */ = {isa = PBXFileReference; lastKnownFileType = sourcecode.swift; path = Card.swift; sourceTree = "<group>"; };
		F9715EFE2B336CAF0053CF6F /* CardView.swift */ = {isa = PBXFileReference; lastKnownFileType = sourcecode.swift; path = CardView.swift; sourceTree = "<group>"; };
		F977C4EC2B30D109008CA993 /* Gestures.swift */ = {isa = PBXFileReference; lastKnownFileType = sourcecode.swift; path = Gestures.swift; sourceTree = "<group>"; };
		F977C4EE2B30D4C3008CA993 /* HapticEffects.swift */ = {isa = PBXFileReference; lastKnownFileType = sourcecode.swift; path = HapticEffects.swift; sourceTree = "<group>"; };
		F977C4F02B30DDE2008CA993 /* HitTesting.swift */ = {isa = PBXFileReference; lastKnownFileType = sourcecode.swift; path = HitTesting.swift; sourceTree = "<group>"; };
		F98527F22B39D1600056D24D /* Store.swift */ = {isa = PBXFileReference; lastKnownFileType = sourcecode.swift; path = Store.swift; sourceTree = "<group>"; };
		F98527F42B39D1A90056D24D /* FileManager+Codable.swift */ = {isa = PBXFileReference; lastKnownFileType = sourcecode.swift; path = "FileManager+Codable.swift"; sourceTree = "<group>"; };
		F9AFF9BF2B2F509A002AC1C8 /* Flashzilla.app */ = {isa = PBXFileReference; explicitFileType = wrapper.application; includeInIndex = 0; path = Flashzilla.app; sourceTree = BUILT_PRODUCTS_DIR; };
		F9AFF9C22B2F509A002AC1C8 /* FlashzillaApp.swift */ = {isa = PBXFileReference; lastKnownFileType = sourcecode.swift; path = FlashzillaApp.swift; sourceTree = "<group>"; };
		F9AFF9C42B2F509A002AC1C8 /* CardStackView.swift */ = {isa = PBXFileReference; lastKnownFileType = sourcecode.swift; path = CardStackView.swift; sourceTree = "<group>"; };
		F9AFF9C62B2F509B002AC1C8 /* Assets.xcassets */ = {isa = PBXFileReference; lastKnownFileType = folder.assetcatalog; path = Assets.xcassets; sourceTree = "<group>"; };
		F9AFF9C92B2F509B002AC1C8 /* Preview Assets.xcassets */ = {isa = PBXFileReference; lastKnownFileType = folder.assetcatalog; path = "Preview Assets.xcassets"; sourceTree = "<group>"; };
/* End PBXFileReference section */

/* Begin PBXFrameworksBuildPhase section */
		F9AFF9BC2B2F509A002AC1C8 /* Frameworks */ = {
			isa = PBXFrameworksBuildPhase;
			buildActionMask = 2147483647;
			files = (
			);
			runOnlyForDeploymentPostprocessing = 0;
		};
/* End PBXFrameworksBuildPhase section */

/* Begin PBXGroup section */
		F977C4EB2B30D0F0008CA993 /* Practices */ = {
			isa = PBXGroup;
			children = (
				F977C4EC2B30D109008CA993 /* Gestures.swift */,
				F977C4EE2B30D4C3008CA993 /* HapticEffects.swift */,
				F977C4F02B30DDE2008CA993 /* HitTesting.swift */,
				F9159D932B31D28F00CE4DF4 /* Timers.swift */,
				F9159D952B31D51900CE4DF4 /* AppStates.swift */,
				F9159D972B31E9E900CE4DF4 /* SpecificAccessibilitySupport.swift */,
			);
			path = Practices;
			sourceTree = "<group>";
		};
		F9AFF9B62B2F509A002AC1C8 = {
			isa = PBXGroup;
			children = (
				F977C4EB2B30D0F0008CA993 /* Practices */,
				F9AFF9C12B2F509A002AC1C8 /* Flashzilla */,
				F9AFF9C02B2F509A002AC1C8 /* Products */,
			);
			sourceTree = "<group>";
		};
		F9AFF9C02B2F509A002AC1C8 /* Products */ = {
			isa = PBXGroup;
			children = (
				F9AFF9BF2B2F509A002AC1C8 /* Flashzilla.app */,
			);
			name = Products;
			sourceTree = "<group>";
		};
		F9AFF9C12B2F509A002AC1C8 /* Flashzilla */ = {
			isa = PBXGroup;
			children = (
				F9AFF9C62B2F509B002AC1C8 /* Assets.xcassets */,
				F9AFF9C82B2F509B002AC1C8 /* Preview Content */,
				F9AFF9C22B2F509A002AC1C8 /* FlashzillaApp.swift */,
				F9AFF9C42B2F509A002AC1C8 /* CardStackView.swift */,
				F970CADD2B375E28000B25DC /* CardStackEditView.swift */,
				F9715EFE2B336CAF0053CF6F /* CardView.swift */,
				F9715EFC2B336C530053CF6F /* Card.swift */,
				F98527F22B39D1600056D24D /* Store.swift */,
				F98527F42B39D1A90056D24D /* FileManager+Codable.swift */,
			);
			path = Flashzilla;
			sourceTree = "<group>";
		};
		F9AFF9C82B2F509B002AC1C8 /* Preview Content */ = {
			isa = PBXGroup;
			children = (
				F9AFF9C92B2F509B002AC1C8 /* Preview Assets.xcassets */,
			);
			path = "Preview Content";
			sourceTree = "<group>";
		};
/* End PBXGroup section */

/* Begin PBXNativeTarget section */
		F9AFF9BE2B2F509A002AC1C8 /* Flashzilla */ = {
			isa = PBXNativeTarget;
			buildConfigurationList = F9AFF9CD2B2F509B002AC1C8 /* Build configuration list for PBXNativeTarget "Flashzilla" */;
			buildPhases = (
				F9AFF9BB2B2F509A002AC1C8 /* Sources */,
				F9AFF9BC2B2F509A002AC1C8 /* Frameworks */,
				F9AFF9BD2B2F509A002AC1C8 /* Resources */,
			);
			buildRules = (
			);
			dependencies = (
			);
			name = Flashzilla;
			productName = Flashzilla;
			productReference = F9AFF9BF2B2F509A002AC1C8 /* Flashzilla.app */;
			productType = "com.apple.product-type.application";
		};
/* End PBXNativeTarget section */

/* Begin PBXProject section */
		F9AFF9B72B2F509A002AC1C8 /* Project object */ = {
			isa = PBXProject;
			attributes = {
				BuildIndependentTargetsInParallel = 1;
				LastSwiftUpdateCheck = 1500;
				LastUpgradeCheck = 1500;
				TargetAttributes = {
					F9AFF9BE2B2F509A002AC1C8 = {
						CreatedOnToolsVersion = 15.0.1;
					};
				};
			};
			buildConfigurationList = F9AFF9BA2B2F509A002AC1C8 /* Build configuration list for PBXProject "Flashzilla" */;
			compatibilityVersion = "Xcode 14.0";
			developmentRegion = en;
			hasScannedForEncodings = 0;
			knownRegions = (
				en,
				Base,
			);
			mainGroup = F9AFF9B62B2F509A002AC1C8;
			productRefGroup = F9AFF9C02B2F509A002AC1C8 /* Products */;
			projectDirPath = "";
			projectRoot = "";
			targets = (
				F9AFF9BE2B2F509A002AC1C8 /* Flashzilla */,
			);
		};
/* End PBXProject section */

/* Begin PBXResourcesBuildPhase section */
		F9AFF9BD2B2F509A002AC1C8 /* Resources */ = {
			isa = PBXResourcesBuildPhase;
			buildActionMask = 2147483647;
			files = (
				F9AFF9CA2B2F509B002AC1C8 /* Preview Assets.xcassets in Resources */,
				F9AFF9C72B2F509B002AC1C8 /* Assets.xcassets in Resources */,
			);
			runOnlyForDeploymentPostprocessing = 0;
		};
/* End PBXResourcesBuildPhase section */

/* Begin PBXSourcesBuildPhase section */
		F9AFF9BB2B2F509A002AC1C8 /* Sources */ = {
			isa = PBXSourcesBuildPhase;
			buildActionMask = 2147483647;
			files = (
				F9159D982B31E9E900CE4DF4 /* SpecificAccessibilitySupport.swift in Sources */,
				F9715EFD2B336C530053CF6F /* Card.swift in Sources */,
				F98527F52B39D1A90056D24D /* FileManager+Codable.swift in Sources */,
				F970CADE2B375E28000B25DC /* CardStackEditView.swift in Sources */,
				F98527F32B39D1600056D24D /* Store.swift in Sources */,
				F977C4ED2B30D109008CA993 /* Gestures.swift in Sources */,
				F9159D942B31D28F00CE4DF4 /* Timers.swift in Sources */,
				F9715EFF2B336CAF0053CF6F /* CardView.swift in Sources */,
				F977C4F12B30DDE2008CA993 /* HitTesting.swift in Sources */,
				F9AFF9C52B2F509A002AC1C8 /* CardStackView.swift in Sources */,
				F9AFF9C32B2F509A002AC1C8 /* FlashzillaApp.swift in Sources */,
				F977C4EF2B30D4C3008CA993 /* HapticEffects.swift in Sources */,
				F9159D962B31D51900CE4DF4 /* AppStates.swift in Sources */,
			);
			runOnlyForDeploymentPostprocessing = 0;
		};
/* End PBXSourcesBuildPhase section */

/* Begin XCBuildConfiguration section */
		F9AFF9CB2B2F509B002AC1C8 /* Debug */ = {
			isa = XCBuildConfiguration;
			buildSettings = {
				ALWAYS_SEARCH_USER_PATHS = NO;
				ASSETCATALOG_COMPILER_GENERATE_SWIFT_ASSET_SYMBOL_EXTENSIONS = YES;
				CLANG_ANALYZER_NONNULL = YES;
				CLANG_ANALYZER_NUMBER_OBJECT_CONVERSION = YES_AGGRESSIVE;
				CLANG_CXX_LANGUAGE_STANDARD = "gnu++20";
				CLANG_ENABLE_MODULES = YES;
				CLANG_ENABLE_OBJC_ARC = YES;
				CLANG_ENABLE_OBJC_WEAK = YES;
				CLANG_WARN_BLOCK_CAPTURE_AUTORELEASING = YES;
				CLANG_WARN_BOOL_CONVERSION = YES;
				CLANG_WARN_COMMA = YES;
				CLANG_WARN_CONSTANT_CONVERSION = YES;
				CLANG_WARN_DEPRECATED_OBJC_IMPLEMENTATIONS = YES;
				CLANG_WARN_DIRECT_OBJC_ISA_USAGE = YES_ERROR;
				CLANG_WARN_DOCUMENTATION_COMMENTS = YES;
				CLANG_WARN_EMPTY_BODY = YES;
				CLANG_WARN_ENUM_CONVERSION = YES;
				CLANG_WARN_INFINITE_RECURSION = YES;
				CLANG_WARN_INT_CONVERSION = YES;
				CLANG_WARN_NON_LITERAL_NULL_CONVERSION = YES;
				CLANG_WARN_OBJC_IMPLICIT_RETAIN_SELF = YES;
				CLANG_WARN_OBJC_LITERAL_CONVERSION = YES;
				CLANG_WARN_OBJC_ROOT_CLASS = YES_ERROR;
				CLANG_WARN_QUOTED_INCLUDE_IN_FRAMEWORK_HEADER = YES;
				CLANG_WARN_RANGE_LOOP_ANALYSIS = YES;
				CLANG_WARN_STRICT_PROTOTYPES = YES;
				CLANG_WARN_SUSPICIOUS_MOVE = YES;
				CLANG_WARN_UNGUARDED_AVAILABILITY = YES_AGGRESSIVE;
				CLANG_WARN_UNREACHABLE_CODE = YES;
				CLANG_WARN__DUPLICATE_METHOD_MATCH = YES;
				COPY_PHASE_STRIP = NO;
				DEBUG_INFORMATION_FORMAT = dwarf;
				ENABLE_STRICT_OBJC_MSGSEND = YES;
				ENABLE_TESTABILITY = YES;
				ENABLE_USER_SCRIPT_SANDBOXING = YES;
				GCC_C_LANGUAGE_STANDARD = gnu17;
				GCC_DYNAMIC_NO_PIC = NO;
				GCC_NO_COMMON_BLOCKS = YES;
				GCC_OPTIMIZATION_LEVEL = 0;
				GCC_PREPROCESSOR_DEFINITIONS = (
					"DEBUG=1",
					"$(inherited)",
				);
				GCC_WARN_64_TO_32_BIT_CONVERSION = YES;
				GCC_WARN_ABOUT_RETURN_TYPE = YES_ERROR;
				GCC_WARN_UNDECLARED_SELECTOR = YES;
				GCC_WARN_UNINITIALIZED_AUTOS = YES_AGGRESSIVE;
				GCC_WARN_UNUSED_FUNCTION = YES;
				GCC_WARN_UNUSED_VARIABLE = YES;
				IPHONEOS_DEPLOYMENT_TARGET = 17.0;
				LOCALIZATION_PREFERS_STRING_CATALOGS = YES;
				MTL_ENABLE_DEBUG_INFO = INCLUDE_SOURCE;
				MTL_FAST_MATH = YES;
				ONLY_ACTIVE_ARCH = YES;
				SDKROOT = iphoneos;
				SWIFT_ACTIVE_COMPILATION_CONDITIONS = "DEBUG $(inherited)";
				SWIFT_OPTIMIZATION_LEVEL = "-Onone";
			};
			name = Debug;
		};
		F9AFF9CC2B2F509B002AC1C8 /* Release */ = {
			isa = XCBuildConfiguration;
			buildSettings = {
				ALWAYS_SEARCH_USER_PATHS = NO;
				ASSETCATALOG_COMPILER_GENERATE_SWIFT_ASSET_SYMBOL_EXTENSIONS = YES;
				CLANG_ANALYZER_NONNULL = YES;
				CLANG_ANALYZER_NUMBER_OBJECT_CONVERSION = YES_AGGRESSIVE;
				CLANG_CXX_LANGUAGE_STANDARD = "gnu++20";
				CLANG_ENABLE_MODULES = YES;
				CLANG_ENABLE_OBJC_ARC = YES;
				CLANG_ENABLE_OBJC_WEAK = YES;
				CLANG_WARN_BLOCK_CAPTURE_AUTORELEASING = YES;
				CLANG_WARN_BOOL_CONVERSION = YES;
				CLANG_WARN_COMMA = YES;
				CLANG_WARN_CONSTANT_CONVERSION = YES;
				CLANG_WARN_DEPRECATED_OBJC_IMPLEMENTATIONS = YES;
				CLANG_WARN_DIRECT_OBJC_ISA_USAGE = YES_ERROR;
				CLANG_WARN_DOCUMENTATION_COMMENTS = YES;
				CLANG_WARN_EMPTY_BODY = YES;
				CLANG_WARN_ENUM_CONVERSION = YES;
				CLANG_WARN_INFINITE_RECURSION = YES;
				CLANG_WARN_INT_CONVERSION = YES;
				CLANG_WARN_NON_LITERAL_NULL_CONVERSION = YES;
				CLANG_WARN_OBJC_IMPLICIT_RETAIN_SELF = YES;
				CLANG_WARN_OBJC_LITERAL_CONVERSION = YES;
				CLANG_WARN_OBJC_ROOT_CLASS = YES_ERROR;
				CLANG_WARN_QUOTED_INCLUDE_IN_FRAMEWORK_HEADER = YES;
				CLANG_WARN_RANGE_LOOP_ANALYSIS = YES;
				CLANG_WARN_STRICT_PROTOTYPES = YES;
				CLANG_WARN_SUSPICIOUS_MOVE = YES;
				CLANG_WARN_UNGUARDED_AVAILABILITY = YES_AGGRESSIVE;
				CLANG_WARN_UNREACHABLE_CODE = YES;
				CLANG_WARN__DUPLICATE_METHOD_MATCH = YES;
				COPY_PHASE_STRIP = NO;
				DEBUG_INFORMATION_FORMAT = "dwarf-with-dsym";
				ENABLE_NS_ASSERTIONS = NO;
				ENABLE_STRICT_OBJC_MSGSEND = YES;
				ENABLE_USER_SCRIPT_SANDBOXING = YES;
				GCC_C_LANGUAGE_STANDARD = gnu17;
				GCC_NO_COMMON_BLOCKS = YES;
				GCC_WARN_64_TO_32_BIT_CONVERSION = YES;
				GCC_WARN_ABOUT_RETURN_TYPE = YES_ERROR;
				GCC_WARN_UNDECLARED_SELECTOR = YES;
				GCC_WARN_UNINITIALIZED_AUTOS = YES_AGGRESSIVE;
				GCC_WARN_UNUSED_FUNCTION = YES;
				GCC_WARN_UNUSED_VARIABLE = YES;
				IPHONEOS_DEPLOYMENT_TARGET = 17.0;
				LOCALIZATION_PREFERS_STRING_CATALOGS = YES;
				MTL_ENABLE_DEBUG_INFO = NO;
				MTL_FAST_MATH = YES;
				SDKROOT = iphoneos;
				SWIFT_COMPILATION_MODE = wholemodule;
				VALIDATE_PRODUCT = YES;
			};
			name = Release;
		};
		F9AFF9CE2B2F509B002AC1C8 /* Debug */ = {
			isa = XCBuildConfiguration;
			buildSettings = {
				ASSETCATALOG_COMPILER_APPICON_NAME = AppIcon;
				ASSETCATALOG_COMPILER_GLOBAL_ACCENT_COLOR_NAME = AccentColor;
				CODE_SIGN_STYLE = Automatic;
				CURRENT_PROJECT_VERSION = 1;
				DEVELOPMENT_ASSET_PATHS = "\"Flashzilla/Preview Content\"";
				DEVELOPMENT_TEAM = KJZJDKU3SG;
				ENABLE_PREVIEWS = YES;
				GENERATE_INFOPLIST_FILE = YES;
				INFOPLIST_KEY_UIApplicationSceneManifest_Generation = YES;
				INFOPLIST_KEY_UIApplicationSupportsIndirectInputEvents = YES;
				INFOPLIST_KEY_UILaunchScreen_Generation = YES;
				INFOPLIST_KEY_UISupportedInterfaceOrientations = "UIInterfaceOrientationLandscapeLeft UIInterfaceOrientationLandscapeRight";
				INFOPLIST_KEY_UISupportedInterfaceOrientations_iPad = "UIInterfaceOrientationLandscapeLeft UIInterfaceOrientationLandscapeRight UIInterfaceOrientationPortrait UIInterfaceOrientationPortraitUpsideDown";
				LD_RUNPATH_SEARCH_PATHS = (
					"$(inherited)",
					"@executable_path/Frameworks",
				);
				MARKETING_VERSION = 1.0;
				PRODUCT_BUNDLE_IDENTIFIER = com.eraydiler.Flashzilla;
				PRODUCT_NAME = "$(TARGET_NAME)";
				SWIFT_EMIT_LOC_STRINGS = YES;
				SWIFT_VERSION = 5.0;
				TARGETED_DEVICE_FAMILY = "1,2";
			};
			name = Debug;
		};
		F9AFF9CF2B2F509B002AC1C8 /* Release */ = {
			isa = XCBuildConfiguration;
			buildSettings = {
				ASSETCATALOG_COMPILER_APPICON_NAME = AppIcon;
				ASSETCATALOG_COMPILER_GLOBAL_ACCENT_COLOR_NAME = AccentColor;
				CODE_SIGN_STYLE = Automatic;
				CURRENT_PROJECT_VERSION = 1;
				DEVELOPMENT_ASSET_PATHS = "\"Flashzilla/Preview Content\"";
				DEVELOPMENT_TEAM = KJZJDKU3SG;
				ENABLE_PREVIEWS = YES;
				GENERATE_INFOPLIST_FILE = YES;
				INFOPLIST_KEY_UIApplicationSceneManifest_Generation = YES;
				INFOPLIST_KEY_UIApplicationSupportsIndirectInputEvents = YES;
				INFOPLIST_KEY_UILaunchScreen_Generation = YES;
				INFOPLIST_KEY_UISupportedInterfaceOrientations = "UIInterfaceOrientationLandscapeLeft UIInterfaceOrientationLandscapeRight";
				INFOPLIST_KEY_UISupportedInterfaceOrientations_iPad = "UIInterfaceOrientationLandscapeLeft UIInterfaceOrientationLandscapeRight UIInterfaceOrientationPortrait UIInterfaceOrientationPortraitUpsideDown";
				LD_RUNPATH_SEARCH_PATHS = (
					"$(inherited)",
					"@executable_path/Frameworks",
				);
				MARKETING_VERSION = 1.0;
				PRODUCT_BUNDLE_IDENTIFIER = com.eraydiler.Flashzilla;
				PRODUCT_NAME = "$(TARGET_NAME)";
				SWIFT_EMIT_LOC_STRINGS = YES;
				SWIFT_VERSION = 5.0;
				TARGETED_DEVICE_FAMILY = "1,2";
			};
			name = Release;
		};
/* End XCBuildConfiguration section */

/* Begin XCConfigurationList section */
		F9AFF9BA2B2F509A002AC1C8 /* Build configuration list for PBXProject "Flashzilla" */ = {
			isa = XCConfigurationList;
			buildConfigurations = (
				F9AFF9CB2B2F509B002AC1C8 /* Debug */,
				F9AFF9CC2B2F509B002AC1C8 /* Release */,
			);
			defaultConfigurationIsVisible = 0;
			defaultConfigurationName = Release;
		};
		F9AFF9CD2B2F509B002AC1C8 /* Build configuration list for PBXNativeTarget "Flashzilla" */ = {
			isa = XCConfigurationList;
			buildConfigurations = (
				F9AFF9CE2B2F509B002AC1C8 /* Debug */,
				F9AFF9CF2B2F509B002AC1C8 /* Release */,
			);
			defaultConfigurationIsVisible = 0;
			defaultConfigurationName = Release;
		};
/* End XCConfigurationList section */
	};
	rootObject = F9AFF9B72B2F509A002AC1C8 /* Project object */;
}
