// !$*UTF8*$!
{
	archiveVersion = 1;
	classes = {
	};
	objectVersion = 56;
	objects = {

/* Begin PBXBuildFile section */
		F9901BD92ACC7D6C00413999 /* Bundle+Decodable.swift in Sources */ = {isa = PBXBuildFile; fileRef = F9901BD82ACC7D6C00413999 /* Bundle+Decodable.swift */; };
		F9901BE02ACC800D00413999 /* Astronaut.swift in Sources */ = {isa = PBXBuildFile; fileRef = F9901BDF2ACC800D00413999 /* Astronaut.swift */; };
		F9901BE22ACC802200413999 /* Mission.swift in Sources */ = {isa = PBXBuildFile; fileRef = F9901BE12ACC802200413999 /* Mission.swift */; };
		F9901BE42ACC80BF00413999 /* Crew.swift in Sources */ = {isa = PBXBuildFile; fileRef = F9901BE32ACC80BF00413999 /* Crew.swift */; };
		F9901BEF2ACC834C00413999 /* missions.json in Resources */ = {isa = PBXBuildFile; fileRef = F9901BED2ACC834C00413999 /* missions.json */; };
		F9901BF02ACC834C00413999 /* astronauts.json in Resources */ = {isa = PBXBuildFile; fileRef = F9901BEE2ACC834C00413999 /* astronauts.json */; };
		F9901BF22ACC9F0B00413999 /* ShapeStyle+Color.swift in Sources */ = {isa = PBXBuildFile; fileRef = F9901BF12ACC9F0B00413999 /* ShapeStyle+Color.swift */; };
		F9973B9D2ACDC85B00E32F44 /* MissionDetailView.swift in Sources */ = {isa = PBXBuildFile; fileRef = F9973B9C2ACDC85B00E32F44 /* MissionDetailView.swift */; };
		F9973B9F2ACE000400E32F44 /* AstranoutDetailView.swift in Sources */ = {isa = PBXBuildFile; fileRef = F9973B9E2ACE000400E32F44 /* AstranoutDetailView.swift */; };
		F9C2F0C42ACA13A400EC6C27 /* MoonshotApp.swift in Sources */ = {isa = PBXBuildFile; fileRef = F9C2F0C32ACA13A400EC6C27 /* MoonshotApp.swift */; };
		F9C2F0C62ACA13A400EC6C27 /* MissionListView.swift in Sources */ = {isa = PBXBuildFile; fileRef = F9C2F0C52ACA13A400EC6C27 /* MissionListView.swift */; };
		F9C2F0C82ACA13A500EC6C27 /* Assets.xcassets in Resources */ = {isa = PBXBuildFile; fileRef = F9C2F0C72ACA13A500EC6C27 /* Assets.xcassets */; };
		F9C2F0CB2ACA13A500EC6C27 /* Preview Assets.xcassets in Resources */ = {isa = PBXBuildFile; fileRef = F9C2F0CA2ACA13A500EC6C27 /* Preview Assets.xcassets */; };
		F9F4CE7E2ACB3425002054BB /* GeometryReader.swift in Sources */ = {isa = PBXBuildFile; fileRef = F9F4CE7D2ACB32FF002054BB /* GeometryReader.swift */; };
		F9F4CE812ACB39B1002054BB /* ScrollView.swift in Sources */ = {isa = PBXBuildFile; fileRef = F9F4CE7F2ACB388E002054BB /* ScrollView.swift */; };
		F9F4CE832ACB3CC1002054BB /* PushingViews.swift in Sources */ = {isa = PBXBuildFile; fileRef = F9F4CE822ACB3CC1002054BB /* PushingViews.swift */; };
		F9F4CE852ACB40CB002054BB /* HierarchicalCodable .swift in Sources */ = {isa = PBXBuildFile; fileRef = F9F4CE842ACB40CB002054BB /* HierarchicalCodable .swift */; };
		F9F4CE872ACB4258002054BB /* ScrollingGrids.swift in Sources */ = {isa = PBXBuildFile; fileRef = F9F4CE862ACB4258002054BB /* ScrollingGrids.swift */; };
/* End PBXBuildFile section */

/* Begin PBXFileReference section */
		F9901BD82ACC7D6C00413999 /* Bundle+Decodable.swift */ = {isa = PBXFileReference; lastKnownFileType = sourcecode.swift; path = "Bundle+Decodable.swift"; sourceTree = "<group>"; };
		F9901BDF2ACC800D00413999 /* Astronaut.swift */ = {isa = PBXFileReference; lastKnownFileType = sourcecode.swift; path = Astronaut.swift; sourceTree = "<group>"; };
		F9901BE12ACC802200413999 /* Mission.swift */ = {isa = PBXFileReference; lastKnownFileType = sourcecode.swift; path = Mission.swift; sourceTree = "<group>"; };
		F9901BE32ACC80BF00413999 /* Crew.swift */ = {isa = PBXFileReference; lastKnownFileType = sourcecode.swift; path = Crew.swift; sourceTree = "<group>"; };
		F9901BED2ACC834C00413999 /* missions.json */ = {isa = PBXFileReference; fileEncoding = 4; lastKnownFileType = text.json; path = missions.json; sourceTree = "<group>"; };
		F9901BEE2ACC834C00413999 /* astronauts.json */ = {isa = PBXFileReference; fileEncoding = 4; lastKnownFileType = text.json; path = astronauts.json; sourceTree = "<group>"; };
		F9901BF12ACC9F0B00413999 /* ShapeStyle+Color.swift */ = {isa = PBXFileReference; lastKnownFileType = sourcecode.swift; path = "ShapeStyle+Color.swift"; sourceTree = "<group>"; };
		F9973B9C2ACDC85B00E32F44 /* MissionDetailView.swift */ = {isa = PBXFileReference; lastKnownFileType = sourcecode.swift; path = MissionDetailView.swift; sourceTree = "<group>"; };
		F9973B9E2ACE000400E32F44 /* AstranoutDetailView.swift */ = {isa = PBXFileReference; lastKnownFileType = sourcecode.swift; path = AstranoutDetailView.swift; sourceTree = "<group>"; };
		F9C2F0C02ACA13A400EC6C27 /* Moonshot.app */ = {isa = PBXFileReference; explicitFileType = wrapper.application; includeInIndex = 0; path = Moonshot.app; sourceTree = BUILT_PRODUCTS_DIR; };
		F9C2F0C32ACA13A400EC6C27 /* MoonshotApp.swift */ = {isa = PBXFileReference; lastKnownFileType = sourcecode.swift; path = MoonshotApp.swift; sourceTree = "<group>"; };
		F9C2F0C52ACA13A400EC6C27 /* MissionListView.swift */ = {isa = PBXFileReference; lastKnownFileType = sourcecode.swift; path = MissionListView.swift; sourceTree = "<group>"; };
		F9C2F0C72ACA13A500EC6C27 /* Assets.xcassets */ = {isa = PBXFileReference; lastKnownFileType = folder.assetcatalog; path = Assets.xcassets; sourceTree = "<group>"; };
		F9C2F0CA2ACA13A500EC6C27 /* Preview Assets.xcassets */ = {isa = PBXFileReference; lastKnownFileType = folder.assetcatalog; path = "Preview Assets.xcassets"; sourceTree = "<group>"; };
		F9F4CE7D2ACB32FF002054BB /* GeometryReader.swift */ = {isa = PBXFileReference; lastKnownFileType = sourcecode.swift; path = GeometryReader.swift; sourceTree = "<group>"; };
		F9F4CE7F2ACB388E002054BB /* ScrollView.swift */ = {isa = PBXFileReference; fileEncoding = 4; lastKnownFileType = sourcecode.swift; path = ScrollView.swift; sourceTree = "<group>"; };
		F9F4CE822ACB3CC1002054BB /* PushingViews.swift */ = {isa = PBXFileReference; lastKnownFileType = sourcecode.swift; path = PushingViews.swift; sourceTree = "<group>"; };
		F9F4CE842ACB40CB002054BB /* HierarchicalCodable .swift */ = {isa = PBXFileReference; lastKnownFileType = sourcecode.swift; path = "HierarchicalCodable .swift"; sourceTree = "<group>"; };
		F9F4CE862ACB4258002054BB /* ScrollingGrids.swift */ = {isa = PBXFileReference; lastKnownFileType = sourcecode.swift; path = ScrollingGrids.swift; sourceTree = "<group>"; };
/* End PBXFileReference section */

/* Begin PBXFrameworksBuildPhase section */
		F9C2F0BD2ACA13A400EC6C27 /* Frameworks */ = {
			isa = PBXFrameworksBuildPhase;
			buildActionMask = 2147483647;
			files = (
			);
			runOnlyForDeploymentPostprocessing = 0;
		};
/* End PBXFrameworksBuildPhase section */

/* Begin PBXGroup section */
		F9901BDE2ACC7FF100413999 /* Models */ = {
			isa = PBXGroup;
			children = (
				F9901BDF2ACC800D00413999 /* Astronaut.swift */,
				F9901BE32ACC80BF00413999 /* Crew.swift */,
				F9901BE12ACC802200413999 /* Mission.swift */,
			);
			path = Models;
			sourceTree = "<group>";
		};
		F9901BEC2ACC834C00413999 /* Resources */ = {
			isa = PBXGroup;
			children = (
				F9901BED2ACC834C00413999 /* missions.json */,
				F9901BEE2ACC834C00413999 /* astronauts.json */,
			);
			path = Resources;
			sourceTree = "<group>";
		};
		F9901BF32ACC9F1F00413999 /* Extensions */ = {
			isa = PBXGroup;
			children = (
				F9901BD82ACC7D6C00413999 /* Bundle+Decodable.swift */,
				F9901BF12ACC9F0B00413999 /* ShapeStyle+Color.swift */,
			);
			path = Extensions;
			sourceTree = "<group>";
		};
		F9973B9B2ACDC82700E32F44 /* Views */ = {
			isa = PBXGroup;
			children = (
				F9C2F0C52ACA13A400EC6C27 /* MissionListView.swift */,
				F9973B9C2ACDC85B00E32F44 /* MissionDetailView.swift */,
				F9973B9E2ACE000400E32F44 /* AstranoutDetailView.swift */,
			);
			path = Views;
			sourceTree = "<group>";
		};
		F9C2F0B72ACA13A400EC6C27 = {
			isa = PBXGroup;
			children = (
				F9F4CE7C2ACB32F4002054BB /* Practices */,
				F9C2F0C22ACA13A400EC6C27 /* Moonshot */,
				F9C2F0C12ACA13A400EC6C27 /* Products */,
			);
			sourceTree = "<group>";
		};
		F9C2F0C12ACA13A400EC6C27 /* Products */ = {
			isa = PBXGroup;
			children = (
				F9C2F0C02ACA13A400EC6C27 /* Moonshot.app */,
			);
			name = Products;
			sourceTree = "<group>";
		};
		F9C2F0C22ACA13A400EC6C27 /* Moonshot */ = {
			isa = PBXGroup;
			children = (
				F9901BEC2ACC834C00413999 /* Resources */,
				F9901BF32ACC9F1F00413999 /* Extensions */,
				F9901BDE2ACC7FF100413999 /* Models */,
				F9973B9B2ACDC82700E32F44 /* Views */,
				F9C2F0C32ACA13A400EC6C27 /* MoonshotApp.swift */,
				F9C2F0C72ACA13A500EC6C27 /* Assets.xcassets */,
				F9C2F0C92ACA13A500EC6C27 /* Preview Content */,
			);
			path = Moonshot;
			sourceTree = "<group>";
		};
		F9C2F0C92ACA13A500EC6C27 /* Preview Content */ = {
			isa = PBXGroup;
			children = (
				F9C2F0CA2ACA13A500EC6C27 /* Preview Assets.xcassets */,
			);
			path = "Preview Content";
			sourceTree = "<group>";
		};
		F9F4CE7C2ACB32F4002054BB /* Practices */ = {
			isa = PBXGroup;
			children = (
				F9F4CE7D2ACB32FF002054BB /* GeometryReader.swift */,
				F9F4CE7F2ACB388E002054BB /* ScrollView.swift */,
				F9F4CE822ACB3CC1002054BB /* PushingViews.swift */,
				F9F4CE842ACB40CB002054BB /* HierarchicalCodable .swift */,
				F9F4CE862ACB4258002054BB /* ScrollingGrids.swift */,
			);
			path = Practices;
			sourceTree = "<group>";
		};
/* End PBXGroup section */

/* Begin PBXNativeTarget section */
		F9C2F0BF2ACA13A400EC6C27 /* Moonshot */ = {
			isa = PBXNativeTarget;
			buildConfigurationList = F9C2F0CE2ACA13A500EC6C27 /* Build configuration list for PBXNativeTarget "Moonshot" */;
			buildPhases = (
				F9C2F0BC2ACA13A400EC6C27 /* Sources */,
				F9C2F0BD2ACA13A400EC6C27 /* Frameworks */,
				F9C2F0BE2ACA13A400EC6C27 /* Resources */,
			);
			buildRules = (
			);
			dependencies = (
			);
			name = Moonshot;
			productName = Moonshot;
			productReference = F9C2F0C02ACA13A400EC6C27 /* Moonshot.app */;
			productType = "com.apple.product-type.application";
		};
/* End PBXNativeTarget section */

/* Begin PBXProject section */
		F9C2F0B82ACA13A400EC6C27 /* Project object */ = {
			isa = PBXProject;
			attributes = {
				BuildIndependentTargetsInParallel = 1;
				LastSwiftUpdateCheck = 1500;
				LastUpgradeCheck = 1500;
				TargetAttributes = {
					F9C2F0BF2ACA13A400EC6C27 = {
						CreatedOnToolsVersion = 15.0;
					};
				};
			};
			buildConfigurationList = F9C2F0BB2ACA13A400EC6C27 /* Build configuration list for PBXProject "Moonshot" */;
			compatibilityVersion = "Xcode 14.0";
			developmentRegion = en;
			hasScannedForEncodings = 0;
			knownRegions = (
				en,
				Base,
			);
			mainGroup = F9C2F0B72ACA13A400EC6C27;
			productRefGroup = F9C2F0C12ACA13A400EC6C27 /* Products */;
			projectDirPath = "";
			projectRoot = "";
			targets = (
				F9C2F0BF2ACA13A400EC6C27 /* Moonshot */,
			);
		};
/* End PBXProject section */

/* Begin PBXResourcesBuildPhase section */
		F9C2F0BE2ACA13A400EC6C27 /* Resources */ = {
			isa = PBXResourcesBuildPhase;
			buildActionMask = 2147483647;
			files = (
				F9C2F0CB2ACA13A500EC6C27 /* Preview Assets.xcassets in Resources */,
				F9901BEF2ACC834C00413999 /* missions.json in Resources */,
				F9C2F0C82ACA13A500EC6C27 /* Assets.xcassets in Resources */,
				F9901BF02ACC834C00413999 /* astronauts.json in Resources */,
			);
			runOnlyForDeploymentPostprocessing = 0;
		};
/* End PBXResourcesBuildPhase section */

/* Begin PBXSourcesBuildPhase section */
		F9C2F0BC2ACA13A400EC6C27 /* Sources */ = {
			isa = PBXSourcesBuildPhase;
			buildActionMask = 2147483647;
			files = (
				F9C2F0C62ACA13A400EC6C27 /* MissionListView.swift in Sources */,
				F9901BF22ACC9F0B00413999 /* ShapeStyle+Color.swift in Sources */,
				F9901BE02ACC800D00413999 /* Astronaut.swift in Sources */,
				F9901BD92ACC7D6C00413999 /* Bundle+Decodable.swift in Sources */,
				F9F4CE812ACB39B1002054BB /* ScrollView.swift in Sources */,
				F9901BE42ACC80BF00413999 /* Crew.swift in Sources */,
				F9F4CE832ACB3CC1002054BB /* PushingViews.swift in Sources */,
				F9973B9D2ACDC85B00E32F44 /* MissionDetailView.swift in Sources */,
				F9C2F0C42ACA13A400EC6C27 /* MoonshotApp.swift in Sources */,
				F9973B9F2ACE000400E32F44 /* AstranoutDetailView.swift in Sources */,
				F9F4CE852ACB40CB002054BB /* HierarchicalCodable .swift in Sources */,
				F9F4CE872ACB4258002054BB /* ScrollingGrids.swift in Sources */,
				F9901BE22ACC802200413999 /* Mission.swift in Sources */,
				F9F4CE7E2ACB3425002054BB /* GeometryReader.swift in Sources */,
			);
			runOnlyForDeploymentPostprocessing = 0;
		};
/* End PBXSourcesBuildPhase section */

/* Begin XCBuildConfiguration section */
		F9C2F0CC2ACA13A500EC6C27 /* Debug */ = {
			isa = XCBuildConfiguration;
			buildSettings = {
				ALWAYS_SEARCH_USER_PATHS = NO;
				ASSETCATALOG_COMPILER_GENERATE_SWIFT_ASSET_SYMBOL_EXTENSIONS = YES;
				CLANG_ANALYZER_NONNULL = YES;
				CLANG_ANALYZER_NUMBER_OBJECT_CONVERSION = YES_AGGRESSIVE;
				CLANG_CXX_LANGUAGE_STANDARD = "gnu++20";
				CLANG_ENABLE_MODULES = YES;
				CLANG_ENABLE_OBJC_ARC = YES;
				CLANG_ENABLE_OBJC_WEAK = YES;
				CLANG_WARN_BLOCK_CAPTURE_AUTORELEASING = YES;
				CLANG_WARN_BOOL_CONVERSION = YES;
				CLANG_WARN_COMMA = YES;
				CLANG_WARN_CONSTANT_CONVERSION = YES;
				CLANG_WARN_DEPRECATED_OBJC_IMPLEMENTATIONS = YES;
				CLANG_WARN_DIRECT_OBJC_ISA_USAGE = YES_ERROR;
				CLANG_WARN_DOCUMENTATION_COMMENTS = YES;
				CLANG_WARN_EMPTY_BODY = YES;
				CLANG_WARN_ENUM_CONVERSION = YES;
				CLANG_WARN_INFINITE_RECURSION = YES;
				CLANG_WARN_INT_CONVERSION = YES;
				CLANG_WARN_NON_LITERAL_NULL_CONVERSION = YES;
				CLANG_WARN_OBJC_IMPLICIT_RETAIN_SELF = YES;
				CLANG_WARN_OBJC_LITERAL_CONVERSION = YES;
				CLANG_WARN_OBJC_ROOT_CLASS = YES_ERROR;
				CLANG_WARN_QUOTED_INCLUDE_IN_FRAMEWORK_HEADER = YES;
				CLANG_WARN_RANGE_LOOP_ANALYSIS = YES;
				CLANG_WARN_STRICT_PROTOTYPES = YES;
				CLANG_WARN_SUSPICIOUS_MOVE = YES;
				CLANG_WARN_UNGUARDED_AVAILABILITY = YES_AGGRESSIVE;
				CLANG_WARN_UNREACHABLE_CODE = YES;
				CLANG_WARN__DUPLICATE_METHOD_MATCH = YES;
				COPY_PHASE_STRIP = NO;
				DEBUG_INFORMATION_FORMAT = dwarf;
				ENABLE_STRICT_OBJC_MSGSEND = YES;
				ENABLE_TESTABILITY = YES;
				ENABLE_USER_SCRIPT_SANDBOXING = YES;
				GCC_C_LANGUAGE_STANDARD = gnu17;
				GCC_DYNAMIC_NO_PIC = NO;
				GCC_NO_COMMON_BLOCKS = YES;
				GCC_OPTIMIZATION_LEVEL = 0;
				GCC_PREPROCESSOR_DEFINITIONS = (
					"DEBUG=1",
					"$(inherited)",
				);
				GCC_WARN_64_TO_32_BIT_CONVERSION = YES;
				GCC_WARN_ABOUT_RETURN_TYPE = YES_ERROR;
				GCC_WARN_UNDECLARED_SELECTOR = YES;
				GCC_WARN_UNINITIALIZED_AUTOS = YES_AGGRESSIVE;
				GCC_WARN_UNUSED_FUNCTION = YES;
				GCC_WARN_UNUSED_VARIABLE = YES;
				IPHONEOS_DEPLOYMENT_TARGET = 17.0;
				LOCALIZATION_PREFERS_STRING_CATALOGS = YES;
				MTL_ENABLE_DEBUG_INFO = INCLUDE_SOURCE;
				MTL_FAST_MATH = YES;
				ONLY_ACTIVE_ARCH = YES;
				SDKROOT = iphoneos;
				SWIFT_ACTIVE_COMPILATION_CONDITIONS = "DEBUG $(inherited)";
				SWIFT_OPTIMIZATION_LEVEL = "-Onone";
			};
			name = Debug;
		};
		F9C2F0CD2ACA13A500EC6C27 /* Release */ = {
			isa = XCBuildConfiguration;
			buildSettings = {
				ALWAYS_SEARCH_USER_PATHS = NO;
				ASSETCATALOG_COMPILER_GENERATE_SWIFT_ASSET_SYMBOL_EXTENSIONS = YES;
				CLANG_ANALYZER_NONNULL = YES;
				CLANG_ANALYZER_NUMBER_OBJECT_CONVERSION = YES_AGGRESSIVE;
				CLANG_CXX_LANGUAGE_STANDARD = "gnu++20";
				CLANG_ENABLE_MODULES = YES;
				CLANG_ENABLE_OBJC_ARC = YES;
				CLANG_ENABLE_OBJC_WEAK = YES;
				CLANG_WARN_BLOCK_CAPTURE_AUTORELEASING = YES;
				CLANG_WARN_BOOL_CONVERSION = YES;
				CLANG_WARN_COMMA = YES;
				CLANG_WARN_CONSTANT_CONVERSION = YES;
				CLANG_WARN_DEPRECATED_OBJC_IMPLEMENTATIONS = YES;
				CLANG_WARN_DIRECT_OBJC_ISA_USAGE = YES_ERROR;
				CLANG_WARN_DOCUMENTATION_COMMENTS = YES;
				CLANG_WARN_EMPTY_BODY = YES;
				CLANG_WARN_ENUM_CONVERSION = YES;
				CLANG_WARN_INFINITE_RECURSION = YES;
				CLANG_WARN_INT_CONVERSION = YES;
				CLANG_WARN_NON_LITERAL_NULL_CONVERSION = YES;
				CLANG_WARN_OBJC_IMPLICIT_RETAIN_SELF = YES;
				CLANG_WARN_OBJC_LITERAL_CONVERSION = YES;
				CLANG_WARN_OBJC_ROOT_CLASS = YES_ERROR;
				CLANG_WARN_QUOTED_INCLUDE_IN_FRAMEWORK_HEADER = YES;
				CLANG_WARN_RANGE_LOOP_ANALYSIS = YES;
				CLANG_WARN_STRICT_PROTOTYPES = YES;
				CLANG_WARN_SUSPICIOUS_MOVE = YES;
				CLANG_WARN_UNGUARDED_AVAILABILITY = YES_AGGRESSIVE;
				CLANG_WARN_UNREACHABLE_CODE = YES;
				CLANG_WARN__DUPLICATE_METHOD_MATCH = YES;
				COPY_PHASE_STRIP = NO;
				DEBUG_INFORMATION_FORMAT = "dwarf-with-dsym";
				ENABLE_NS_ASSERTIONS = NO;
				ENABLE_STRICT_OBJC_MSGSEND = YES;
				ENABLE_USER_SCRIPT_SANDBOXING = YES;
				GCC_C_LANGUAGE_STANDARD = gnu17;
				GCC_NO_COMMON_BLOCKS = YES;
				GCC_WARN_64_TO_32_BIT_CONVERSION = YES;
				GCC_WARN_ABOUT_RETURN_TYPE = YES_ERROR;
				GCC_WARN_UNDECLARED_SELECTOR = YES;
				GCC_WARN_UNINITIALIZED_AUTOS = YES_AGGRESSIVE;
				GCC_WARN_UNUSED_FUNCTION = YES;
				GCC_WARN_UNUSED_VARIABLE = YES;
				IPHONEOS_DEPLOYMENT_TARGET = 17.0;
				LOCALIZATION_PREFERS_STRING_CATALOGS = YES;
				MTL_ENABLE_DEBUG_INFO = NO;
				MTL_FAST_MATH = YES;
				SDKROOT = iphoneos;
				SWIFT_COMPILATION_MODE = wholemodule;
				VALIDATE_PRODUCT = YES;
			};
			name = Release;
		};
		F9C2F0CF2ACA13A500EC6C27 /* Debug */ = {
			isa = XCBuildConfiguration;
			buildSettings = {
				ASSETCATALOG_COMPILER_APPICON_NAME = AppIcon;
				ASSETCATALOG_COMPILER_GLOBAL_ACCENT_COLOR_NAME = AccentColor;
				CODE_SIGN_STYLE = Automatic;
				CURRENT_PROJECT_VERSION = 1;
				DEVELOPMENT_ASSET_PATHS = "\"Moonshot/Preview Content\"";
				DEVELOPMENT_TEAM = KJZJDKU3SG;
				ENABLE_PREVIEWS = YES;
				GENERATE_INFOPLIST_FILE = YES;
				INFOPLIST_KEY_UIApplicationSceneManifest_Generation = YES;
				INFOPLIST_KEY_UIApplicationSupportsIndirectInputEvents = YES;
				INFOPLIST_KEY_UILaunchScreen_Generation = YES;
				INFOPLIST_KEY_UISupportedInterfaceOrientations_iPad = "UIInterfaceOrientationPortrait UIInterfaceOrientationPortraitUpsideDown UIInterfaceOrientationLandscapeLeft UIInterfaceOrientationLandscapeRight";
				INFOPLIST_KEY_UISupportedInterfaceOrientations_iPhone = "UIInterfaceOrientationPortrait UIInterfaceOrientationLandscapeLeft UIInterfaceOrientationLandscapeRight";
				LD_RUNPATH_SEARCH_PATHS = (
					"$(inherited)",
					"@executable_path/Frameworks",
				);
				MARKETING_VERSION = 1.0;
				PRODUCT_BUNDLE_IDENTIFIER = com.eraydiler.Moonshot;
				PRODUCT_NAME = "$(TARGET_NAME)";
				SWIFT_EMIT_LOC_STRINGS = YES;
				SWIFT_VERSION = 5.0;
				TARGETED_DEVICE_FAMILY = "1,2";
			};
			name = Debug;
		};
		F9C2F0D02ACA13A500EC6C27 /* Release */ = {
			isa = XCBuildConfiguration;
			buildSettings = {
				ASSETCATALOG_COMPILER_APPICON_NAME = AppIcon;
				ASSETCATALOG_COMPILER_GLOBAL_ACCENT_COLOR_NAME = AccentColor;
				CODE_SIGN_STYLE = Automatic;
				CURRENT_PROJECT_VERSION = 1;
				DEVELOPMENT_ASSET_PATHS = "\"Moonshot/Preview Content\"";
				DEVELOPMENT_TEAM = KJZJDKU3SG;
				ENABLE_PREVIEWS = YES;
				GENERATE_INFOPLIST_FILE = YES;
				INFOPLIST_KEY_UIApplicationSceneManifest_Generation = YES;
				INFOPLIST_KEY_UIApplicationSupportsIndirectInputEvents = YES;
				INFOPLIST_KEY_UILaunchScreen_Generation = YES;
				INFOPLIST_KEY_UISupportedInterfaceOrientations_iPad = "UIInterfaceOrientationPortrait UIInterfaceOrientationPortraitUpsideDown UIInterfaceOrientationLandscapeLeft UIInterfaceOrientationLandscapeRight";
				INFOPLIST_KEY_UISupportedInterfaceOrientations_iPhone = "UIInterfaceOrientationPortrait UIInterfaceOrientationLandscapeLeft UIInterfaceOrientationLandscapeRight";
				LD_RUNPATH_SEARCH_PATHS = (
					"$(inherited)",
					"@executable_path/Frameworks",
				);
				MARKETING_VERSION = 1.0;
				PRODUCT_BUNDLE_IDENTIFIER = com.eraydiler.Moonshot;
				PRODUCT_NAME = "$(TARGET_NAME)";
				SWIFT_EMIT_LOC_STRINGS = YES;
				SWIFT_VERSION = 5.0;
				TARGETED_DEVICE_FAMILY = "1,2";
			};
			name = Release;
		};
/* End XCBuildConfiguration section */

/* Begin XCConfigurationList section */
		F9C2F0BB2ACA13A400EC6C27 /* Build configuration list for PBXProject "Moonshot" */ = {
			isa = XCConfigurationList;
			buildConfigurations = (
				F9C2F0CC2ACA13A500EC6C27 /* Debug */,
				F9C2F0CD2ACA13A500EC6C27 /* Release */,
			);
			defaultConfigurationIsVisible = 0;
			defaultConfigurationName = Release;
		};
		F9C2F0CE2ACA13A500EC6C27 /* Build configuration list for PBXNativeTarget "Moonshot" */ = {
			isa = XCConfigurationList;
			buildConfigurations = (
				F9C2F0CF2ACA13A500EC6C27 /* Debug */,
				F9C2F0D02ACA13A500EC6C27 /* Release */,
			);
			defaultConfigurationIsVisible = 0;
			defaultConfigurationName = Release;
		};
/* End XCConfigurationList section */
	};
	rootObject = F9C2F0B82ACA13A400EC6C27 /* Project object */;
}
