// !$*UTF8*$!
{
	archiveVersion = 1;
	classes = {
	};
	objectVersion = 56;
	objects = {

/* Begin PBXBuildFile section */
		F915F88B2AE95DFB006CBE9F /* FilteredListView.swift in Sources */ = {isa = PBXBuildFile; fileRef = F915F88A2AE95DFB006CBE9F /* FilteredListView.swift */; };
		F915F88D2AE95E6F006CBE9F /* Filter.swift in Sources */ = {isa = PBXBuildFile; fileRef = F915F88C2AE95E6F006CBE9F /* Filter.swift */; };
		F915F8932AE9759E006CBE9F /* Candy+CoreDataClass.swift in Sources */ = {isa = PBXBuildFile; fileRef = F915F88F2AE9759E006CBE9F /* Candy+CoreDataClass.swift */; };
		F915F8942AE9759E006CBE9F /* Candy+CoreDataProperties.swift in Sources */ = {isa = PBXBuildFile; fileRef = F915F8902AE9759E006CBE9F /* Candy+CoreDataProperties.swift */; };
		F915F8952AE9759E006CBE9F /* Country+CoreDataClass.swift in Sources */ = {isa = PBXBuildFile; fileRef = F915F8912AE9759E006CBE9F /* Country+CoreDataClass.swift */; };
		F915F8962AE9759E006CBE9F /* Country+CoreDataProperties.swift in Sources */ = {isa = PBXBuildFile; fileRef = F915F8922AE9759E006CBE9F /* Country+CoreDataProperties.swift */; };
		F915F8982AE97624006CBE9F /* RelationShips.swift in Sources */ = {isa = PBXBuildFile; fileRef = F915F8972AE97624006CBE9F /* RelationShips.swift */; };
		F915F89D2AE98340006CBE9F /* Singer+CoreDataClass.swift in Sources */ = {isa = PBXBuildFile; fileRef = F915F89B2AE98340006CBE9F /* Singer+CoreDataClass.swift */; };
		F915F89E2AE98340006CBE9F /* Singer+CoreDataProperties.swift in Sources */ = {isa = PBXBuildFile; fileRef = F915F89C2AE98340006CBE9F /* Singer+CoreDataProperties.swift */; };
		F9768C0F2AE6872D005502DE /* CoreDataProjectApp.swift in Sources */ = {isa = PBXBuildFile; fileRef = F9768C0E2AE6872D005502DE /* CoreDataProjectApp.swift */; };
		F9768C112AE6872D005502DE /* ChallengesView.swift in Sources */ = {isa = PBXBuildFile; fileRef = F9768C102AE6872D005502DE /* ChallengesView.swift */; };
		F9768C132AE6872E005502DE /* Assets.xcassets in Resources */ = {isa = PBXBuildFile; fileRef = F9768C122AE6872E005502DE /* Assets.xcassets */; };
		F9768C162AE6872E005502DE /* Preview Assets.xcassets in Resources */ = {isa = PBXBuildFile; fileRef = F9768C152AE6872E005502DE /* Preview Assets.xcassets */; };
		F9768C1F2AE6879C005502DE /* PracticesDataController.swift in Sources */ = {isa = PBXBuildFile; fileRef = F9768C1E2AE6879C005502DE /* PracticesDataController.swift */; };
		F9768C232AE687E1005502DE /* Practices.xcdatamodeld in Sources */ = {isa = PBXBuildFile; fileRef = F9768C212AE687E1005502DE /* Practices.xcdatamodeld */; };
		F9768C332AE6C298005502DE /* Movie+CoreDataProperties.swift in Sources */ = {isa = PBXBuildFile; fileRef = F9768C312AE6C298005502DE /* Movie+CoreDataProperties.swift */; };
		F9768C342AE6C298005502DE /* Movie+CoreDataClass.swift in Sources */ = {isa = PBXBuildFile; fileRef = F9768C322AE6C298005502DE /* Movie+CoreDataClass.swift */; };
		F9768C362AE6C451005502DE /* UniqueObjectsWithConstraints.swift in Sources */ = {isa = PBXBuildFile; fileRef = F9768C352AE6C451005502DE /* UniqueObjectsWithConstraints.swift */; };
		F9768C382AE6C86E005502DE /* DynamicFiltering.swift in Sources */ = {isa = PBXBuildFile; fileRef = F9768C372AE6C86E005502DE /* DynamicFiltering.swift */; };
/* End PBXBuildFile section */

/* Begin PBXFileReference section */
		F915F88A2AE95DFB006CBE9F /* FilteredListView.swift */ = {isa = PBXFileReference; lastKnownFileType = sourcecode.swift; path = FilteredListView.swift; sourceTree = "<group>"; };
		F915F88C2AE95E6F006CBE9F /* Filter.swift */ = {isa = PBXFileReference; lastKnownFileType = sourcecode.swift; path = Filter.swift; sourceTree = "<group>"; };
		F915F88F2AE9759E006CBE9F /* Candy+CoreDataClass.swift */ = {isa = PBXFileReference; lastKnownFileType = sourcecode.swift; name = "Candy+CoreDataClass.swift"; path = "Practices/Relationships/Candy+CoreDataClass.swift"; sourceTree = SOURCE_ROOT; };
		F915F8902AE9759E006CBE9F /* Candy+CoreDataProperties.swift */ = {isa = PBXFileReference; lastKnownFileType = sourcecode.swift; name = "Candy+CoreDataProperties.swift"; path = "Practices/Relationships/Candy+CoreDataProperties.swift"; sourceTree = SOURCE_ROOT; };
		F915F8912AE9759E006CBE9F /* Country+CoreDataClass.swift */ = {isa = PBXFileReference; lastKnownFileType = sourcecode.swift; name = "Country+CoreDataClass.swift"; path = "Practices/Relationships/Country+CoreDataClass.swift"; sourceTree = SOURCE_ROOT; };
		F915F8922AE9759E006CBE9F /* Country+CoreDataProperties.swift */ = {isa = PBXFileReference; lastKnownFileType = sourcecode.swift; name = "Country+CoreDataProperties.swift"; path = "Practices/Relationships/Country+CoreDataProperties.swift"; sourceTree = SOURCE_ROOT; };
		F915F8972AE97624006CBE9F /* RelationShips.swift */ = {isa = PBXFileReference; lastKnownFileType = sourcecode.swift; path = RelationShips.swift; sourceTree = "<group>"; };
		F915F89B2AE98340006CBE9F /* Singer+CoreDataClass.swift */ = {isa = PBXFileReference; lastKnownFileType = sourcecode.swift; path = "Singer+CoreDataClass.swift"; sourceTree = "<group>"; };
		F915F89C2AE98340006CBE9F /* Singer+CoreDataProperties.swift */ = {isa = PBXFileReference; lastKnownFileType = sourcecode.swift; path = "Singer+CoreDataProperties.swift"; sourceTree = "<group>"; };
		F9768C0B2AE6872D005502DE /* CoreDataProject.app */ = {isa = PBXFileReference; explicitFileType = wrapper.application; includeInIndex = 0; path = CoreDataProject.app; sourceTree = BUILT_PRODUCTS_DIR; };
		F9768C0E2AE6872D005502DE /* CoreDataProjectApp.swift */ = {isa = PBXFileReference; lastKnownFileType = sourcecode.swift; path = CoreDataProjectApp.swift; sourceTree = "<group>"; };
		F9768C102AE6872D005502DE /* ChallengesView.swift */ = {isa = PBXFileReference; lastKnownFileType = sourcecode.swift; path = ChallengesView.swift; sourceTree = "<group>"; };
		F9768C122AE6872E005502DE /* Assets.xcassets */ = {isa = PBXFileReference; lastKnownFileType = folder.assetcatalog; path = Assets.xcassets; sourceTree = "<group>"; };
		F9768C152AE6872E005502DE /* Preview Assets.xcassets */ = {isa = PBXFileReference; lastKnownFileType = folder.assetcatalog; path = "Preview Assets.xcassets"; sourceTree = "<group>"; };
		F9768C1E2AE6879C005502DE /* PracticesDataController.swift */ = {isa = PBXFileReference; lastKnownFileType = sourcecode.swift; path = PracticesDataController.swift; sourceTree = "<group>"; };
		F9768C222AE687E1005502DE /* CoreDataProject.xcdatamodel */ = {isa = PBXFileReference; lastKnownFileType = wrapper.xcdatamodel; path = CoreDataProject.xcdatamodel; sourceTree = "<group>"; };
		F9768C312AE6C298005502DE /* Movie+CoreDataProperties.swift */ = {isa = PBXFileReference; fileEncoding = 4; lastKnownFileType = sourcecode.swift; path = "Movie+CoreDataProperties.swift"; sourceTree = "<group>"; };
		F9768C322AE6C298005502DE /* Movie+CoreDataClass.swift */ = {isa = PBXFileReference; fileEncoding = 4; lastKnownFileType = sourcecode.swift; path = "Movie+CoreDataClass.swift"; sourceTree = "<group>"; };
		F9768C352AE6C451005502DE /* UniqueObjectsWithConstraints.swift */ = {isa = PBXFileReference; lastKnownFileType = sourcecode.swift; path = UniqueObjectsWithConstraints.swift; sourceTree = "<group>"; };
		F9768C372AE6C86E005502DE /* DynamicFiltering.swift */ = {isa = PBXFileReference; lastKnownFileType = sourcecode.swift; path = DynamicFiltering.swift; sourceTree = "<group>"; };
/* End PBXFileReference section */

/* Begin PBXFrameworksBuildPhase section */
		F9768C082AE6872D005502DE /* Frameworks */ = {
			isa = PBXFrameworksBuildPhase;
			buildActionMask = 2147483647;
			files = (
			);
			runOnlyForDeploymentPostprocessing = 0;
		};
/* End PBXFrameworksBuildPhase section */

/* Begin PBXGroup section */
		F915F88E2AE95F0C006CBE9F /* DynamicFiltering */ = {
			isa = PBXGroup;
			children = (
				F9768C372AE6C86E005502DE /* DynamicFiltering.swift */,
				F915F88C2AE95E6F006CBE9F /* Filter.swift */,
				F915F88A2AE95DFB006CBE9F /* FilteredListView.swift */,
			);
			path = DynamicFiltering;
			sourceTree = "<group>";
		};
		F915F8992AE9764F006CBE9F /* UniqueObjectsWithConstraints */ = {
			isa = PBXGroup;
			children = (
				F9768C352AE6C451005502DE /* UniqueObjectsWithConstraints.swift */,
			);
			path = UniqueObjectsWithConstraints;
			sourceTree = "<group>";
		};
		F915F89A2AE97671006CBE9F /* Relationships */ = {
			isa = PBXGroup;
			children = (
				F915F88F2AE9759E006CBE9F /* Candy+CoreDataClass.swift */,
				F915F8902AE9759E006CBE9F /* Candy+CoreDataProperties.swift */,
				F915F8912AE9759E006CBE9F /* Country+CoreDataClass.swift */,
				F915F8922AE9759E006CBE9F /* Country+CoreDataProperties.swift */,
				F915F8972AE97624006CBE9F /* RelationShips.swift */,
			);
			path = Relationships;
			sourceTree = "<group>";
		};
		F9768C022AE6872D005502DE = {
			isa = PBXGroup;
			children = (
				F9768C302AE6C246005502DE /* Practices */,
				F9768C0D2AE6872D005502DE /* CoreDataProject */,
				F9768C0C2AE6872D005502DE /* Products */,
			);
			sourceTree = "<group>";
		};
		F9768C0C2AE6872D005502DE /* Products */ = {
			isa = PBXGroup;
			children = (
				F9768C0B2AE6872D005502DE /* CoreDataProject.app */,
			);
			name = Products;
			sourceTree = "<group>";
		};
		F9768C0D2AE6872D005502DE /* CoreDataProject */ = {
			isa = PBXGroup;
			children = (
				F9768C0E2AE6872D005502DE /* CoreDataProjectApp.swift */,
				F915F89B2AE98340006CBE9F /* Singer+CoreDataClass.swift */,
				F915F89C2AE98340006CBE9F /* Singer+CoreDataProperties.swift */,
				F9768C1E2AE6879C005502DE /* PracticesDataController.swift */,
				F9768C102AE6872D005502DE /* ChallengesView.swift */,
				F9768C122AE6872E005502DE /* Assets.xcassets */,
				F9768C142AE6872E005502DE /* Preview Content */,
			);
			path = CoreDataProject;
			sourceTree = "<group>";
		};
		F9768C142AE6872E005502DE /* Preview Content */ = {
			isa = PBXGroup;
			children = (
				F9768C152AE6872E005502DE /* Preview Assets.xcassets */,
			);
			path = "Preview Content";
			sourceTree = "<group>";
		};
		F9768C202AE687C8005502DE /* CoreData */ = {
			isa = PBXGroup;
			children = (
				F9768C322AE6C298005502DE /* Movie+CoreDataClass.swift */,
				F9768C312AE6C298005502DE /* Movie+CoreDataProperties.swift */,
				F9768C212AE687E1005502DE /* Practices.xcdatamodeld */,
			);
			path = CoreData;
			sourceTree = "<group>";
		};
		F9768C302AE6C246005502DE /* Practices */ = {
			isa = PBXGroup;
			children = (
				F9768C202AE687C8005502DE /* CoreData */,
				F915F8992AE9764F006CBE9F /* UniqueObjectsWithConstraints */,
				F915F88E2AE95F0C006CBE9F /* DynamicFiltering */,
				F915F89A2AE97671006CBE9F /* Relationships */,
			);
			path = Practices;
			sourceTree = "<group>";
		};
/* End PBXGroup section */

/* Begin PBXNativeTarget section */
		F9768C0A2AE6872D005502DE /* CoreDataProject */ = {
			isa = PBXNativeTarget;
			buildConfigurationList = F9768C192AE6872E005502DE /* Build configuration list for PBXNativeTarget "CoreDataProject" */;
			buildPhases = (
				F9768C072AE6872D005502DE /* Sources */,
				F9768C082AE6872D005502DE /* Frameworks */,
				F9768C092AE6872D005502DE /* Resources */,
			);
			buildRules = (
			);
			dependencies = (
			);
			name = CoreDataProject;
			productName = CoreDataProject;
			productReference = F9768C0B2AE6872D005502DE /* CoreDataProject.app */;
			productType = "com.apple.product-type.application";
		};
/* End PBXNativeTarget section */

/* Begin PBXProject section */
		F9768C032AE6872D005502DE /* Project object */ = {
			isa = PBXProject;
			attributes = {
				BuildIndependentTargetsInParallel = 1;
				LastSwiftUpdateCheck = 1500;
				LastUpgradeCheck = 1500;
				TargetAttributes = {
					F9768C0A2AE6872D005502DE = {
						CreatedOnToolsVersion = 15.0;
					};
				};
			};
			buildConfigurationList = F9768C062AE6872D005502DE /* Build configuration list for PBXProject "CoreDataProject" */;
			compatibilityVersion = "Xcode 14.0";
			developmentRegion = en;
			hasScannedForEncodings = 0;
			knownRegions = (
				en,
				Base,
			);
			mainGroup = F9768C022AE6872D005502DE;
			productRefGroup = F9768C0C2AE6872D005502DE /* Products */;
			projectDirPath = "";
			projectRoot = "";
			targets = (
				F9768C0A2AE6872D005502DE /* CoreDataProject */,
			);
		};
/* End PBXProject section */

/* Begin PBXResourcesBuildPhase section */
		F9768C092AE6872D005502DE /* Resources */ = {
			isa = PBXResourcesBuildPhase;
			buildActionMask = 2147483647;
			files = (
				F9768C162AE6872E005502DE /* Preview Assets.xcassets in Resources */,
				F9768C132AE6872E005502DE /* Assets.xcassets in Resources */,
			);
			runOnlyForDeploymentPostprocessing = 0;
		};
/* End PBXResourcesBuildPhase section */

/* Begin PBXSourcesBuildPhase section */
		F9768C072AE6872D005502DE /* Sources */ = {
			isa = PBXSourcesBuildPhase;
			buildActionMask = 2147483647;
			files = (
				F9768C112AE6872D005502DE /* ChallengesView.swift in Sources */,
				F915F89D2AE98340006CBE9F /* Singer+CoreDataClass.swift in Sources */,
				F915F88D2AE95E6F006CBE9F /* Filter.swift in Sources */,
				F915F8962AE9759E006CBE9F /* Country+CoreDataProperties.swift in Sources */,
				F9768C362AE6C451005502DE /* UniqueObjectsWithConstraints.swift in Sources */,
				F915F8942AE9759E006CBE9F /* Candy+CoreDataProperties.swift in Sources */,
				F915F88B2AE95DFB006CBE9F /* FilteredListView.swift in Sources */,
				F915F8932AE9759E006CBE9F /* Candy+CoreDataClass.swift in Sources */,
				F915F8952AE9759E006CBE9F /* Country+CoreDataClass.swift in Sources */,
				F915F89E2AE98340006CBE9F /* Singer+CoreDataProperties.swift in Sources */,
				F9768C332AE6C298005502DE /* Movie+CoreDataProperties.swift in Sources */,
				F9768C382AE6C86E005502DE /* DynamicFiltering.swift in Sources */,
				F9768C0F2AE6872D005502DE /* CoreDataProjectApp.swift in Sources */,
				F9768C232AE687E1005502DE /* Practices.xcdatamodeld in Sources */,
				F9768C342AE6C298005502DE /* Movie+CoreDataClass.swift in Sources */,
				F915F8982AE97624006CBE9F /* RelationShips.swift in Sources */,
				F9768C1F2AE6879C005502DE /* PracticesDataController.swift in Sources */,
			);
			runOnlyForDeploymentPostprocessing = 0;
		};
/* End PBXSourcesBuildPhase section */

/* Begin XCBuildConfiguration section */
		F9768C172AE6872E005502DE /* Debug */ = {
			isa = XCBuildConfiguration;
			buildSettings = {
				ALWAYS_SEARCH_USER_PATHS = NO;
				ASSETCATALOG_COMPILER_GENERATE_SWIFT_ASSET_SYMBOL_EXTENSIONS = YES;
				CLANG_ANALYZER_NONNULL = YES;
				CLANG_ANALYZER_NUMBER_OBJECT_CONVERSION = YES_AGGRESSIVE;
				CLANG_CXX_LANGUAGE_STANDARD = "gnu++20";
				CLANG_ENABLE_MODULES = YES;
				CLANG_ENABLE_OBJC_ARC = YES;
				CLANG_ENABLE_OBJC_WEAK = YES;
				CLANG_WARN_BLOCK_CAPTURE_AUTORELEASING = YES;
				CLANG_WARN_BOOL_CONVERSION = YES;
				CLANG_WARN_COMMA = YES;
				CLANG_WARN_CONSTANT_CONVERSION = YES;
				CLANG_WARN_DEPRECATED_OBJC_IMPLEMENTATIONS = YES;
				CLANG_WARN_DIRECT_OBJC_ISA_USAGE = YES_ERROR;
				CLANG_WARN_DOCUMENTATION_COMMENTS = YES;
				CLANG_WARN_EMPTY_BODY = YES;
				CLANG_WARN_ENUM_CONVERSION = YES;
				CLANG_WARN_INFINITE_RECURSION = YES;
				CLANG_WARN_INT_CONVERSION = YES;
				CLANG_WARN_NON_LITERAL_NULL_CONVERSION = YES;
				CLANG_WARN_OBJC_IMPLICIT_RETAIN_SELF = YES;
				CLANG_WARN_OBJC_LITERAL_CONVERSION = YES;
				CLANG_WARN_OBJC_ROOT_CLASS = YES_ERROR;
				CLANG_WARN_QUOTED_INCLUDE_IN_FRAMEWORK_HEADER = YES;
				CLANG_WARN_RANGE_LOOP_ANALYSIS = YES;
				CLANG_WARN_STRICT_PROTOTYPES = YES;
				CLANG_WARN_SUSPICIOUS_MOVE = YES;
				CLANG_WARN_UNGUARDED_AVAILABILITY = YES_AGGRESSIVE;
				CLANG_WARN_UNREACHABLE_CODE = YES;
				CLANG_WARN__DUPLICATE_METHOD_MATCH = YES;
				COPY_PHASE_STRIP = NO;
				DEBUG_INFORMATION_FORMAT = dwarf;
				ENABLE_STRICT_OBJC_MSGSEND = YES;
				ENABLE_TESTABILITY = YES;
				ENABLE_USER_SCRIPT_SANDBOXING = YES;
				GCC_C_LANGUAGE_STANDARD = gnu17;
				GCC_DYNAMIC_NO_PIC = NO;
				GCC_NO_COMMON_BLOCKS = YES;
				GCC_OPTIMIZATION_LEVEL = 0;
				GCC_PREPROCESSOR_DEFINITIONS = (
					"DEBUG=1",
					"$(inherited)",
				);
				GCC_WARN_64_TO_32_BIT_CONVERSION = YES;
				GCC_WARN_ABOUT_RETURN_TYPE = YES_ERROR;
				GCC_WARN_UNDECLARED_SELECTOR = YES;
				GCC_WARN_UNINITIALIZED_AUTOS = YES_AGGRESSIVE;
				GCC_WARN_UNUSED_FUNCTION = YES;
				GCC_WARN_UNUSED_VARIABLE = YES;
				IPHONEOS_DEPLOYMENT_TARGET = 17.0;
				LOCALIZATION_PREFERS_STRING_CATALOGS = YES;
				MTL_ENABLE_DEBUG_INFO = INCLUDE_SOURCE;
				MTL_FAST_MATH = YES;
				ONLY_ACTIVE_ARCH = YES;
				SDKROOT = iphoneos;
				SWIFT_ACTIVE_COMPILATION_CONDITIONS = "DEBUG $(inherited)";
				SWIFT_OPTIMIZATION_LEVEL = "-Onone";
			};
			name = Debug;
		};
		F9768C182AE6872E005502DE /* Release */ = {
			isa = XCBuildConfiguration;
			buildSettings = {
				ALWAYS_SEARCH_USER_PATHS = NO;
				ASSETCATALOG_COMPILER_GENERATE_SWIFT_ASSET_SYMBOL_EXTENSIONS = YES;
				CLANG_ANALYZER_NONNULL = YES;
				CLANG_ANALYZER_NUMBER_OBJECT_CONVERSION = YES_AGGRESSIVE;
				CLANG_CXX_LANGUAGE_STANDARD = "gnu++20";
				CLANG_ENABLE_MODULES = YES;
				CLANG_ENABLE_OBJC_ARC = YES;
				CLANG_ENABLE_OBJC_WEAK = YES;
				CLANG_WARN_BLOCK_CAPTURE_AUTORELEASING = YES;
				CLANG_WARN_BOOL_CONVERSION = YES;
				CLANG_WARN_COMMA = YES;
				CLANG_WARN_CONSTANT_CONVERSION = YES;
				CLANG_WARN_DEPRECATED_OBJC_IMPLEMENTATIONS = YES;
				CLANG_WARN_DIRECT_OBJC_ISA_USAGE = YES_ERROR;
				CLANG_WARN_DOCUMENTATION_COMMENTS = YES;
				CLANG_WARN_EMPTY_BODY = YES;
				CLANG_WARN_ENUM_CONVERSION = YES;
				CLANG_WARN_INFINITE_RECURSION = YES;
				CLANG_WARN_INT_CONVERSION = YES;
				CLANG_WARN_NON_LITERAL_NULL_CONVERSION = YES;
				CLANG_WARN_OBJC_IMPLICIT_RETAIN_SELF = YES;
				CLANG_WARN_OBJC_LITERAL_CONVERSION = YES;
				CLANG_WARN_OBJC_ROOT_CLASS = YES_ERROR;
				CLANG_WARN_QUOTED_INCLUDE_IN_FRAMEWORK_HEADER = YES;
				CLANG_WARN_RANGE_LOOP_ANALYSIS = YES;
				CLANG_WARN_STRICT_PROTOTYPES = YES;
				CLANG_WARN_SUSPICIOUS_MOVE = YES;
				CLANG_WARN_UNGUARDED_AVAILABILITY = YES_AGGRESSIVE;
				CLANG_WARN_UNREACHABLE_CODE = YES;
				CLANG_WARN__DUPLICATE_METHOD_MATCH = YES;
				COPY_PHASE_STRIP = NO;
				DEBUG_INFORMATION_FORMAT = "dwarf-with-dsym";
				ENABLE_NS_ASSERTIONS = NO;
				ENABLE_STRICT_OBJC_MSGSEND = YES;
				ENABLE_USER_SCRIPT_SANDBOXING = YES;
				GCC_C_LANGUAGE_STANDARD = gnu17;
				GCC_NO_COMMON_BLOCKS = YES;
				GCC_WARN_64_TO_32_BIT_CONVERSION = YES;
				GCC_WARN_ABOUT_RETURN_TYPE = YES_ERROR;
				GCC_WARN_UNDECLARED_SELECTOR = YES;
				GCC_WARN_UNINITIALIZED_AUTOS = YES_AGGRESSIVE;
				GCC_WARN_UNUSED_FUNCTION = YES;
				GCC_WARN_UNUSED_VARIABLE = YES;
				IPHONEOS_DEPLOYMENT_TARGET = 17.0;
				LOCALIZATION_PREFERS_STRING_CATALOGS = YES;
				MTL_ENABLE_DEBUG_INFO = NO;
				MTL_FAST_MATH = YES;
				SDKROOT = iphoneos;
				SWIFT_COMPILATION_MODE = wholemodule;
				VALIDATE_PRODUCT = YES;
			};
			name = Release;
		};
		F9768C1A2AE6872E005502DE /* Debug */ = {
			isa = XCBuildConfiguration;
			buildSettings = {
				ASSETCATALOG_COMPILER_APPICON_NAME = AppIcon;
				ASSETCATALOG_COMPILER_GLOBAL_ACCENT_COLOR_NAME = AccentColor;
				CODE_SIGN_STYLE = Automatic;
				CURRENT_PROJECT_VERSION = 1;
				DEVELOPMENT_ASSET_PATHS = "\"CoreDataProject/Preview Content\"";
				DEVELOPMENT_TEAM = KJZJDKU3SG;
				ENABLE_PREVIEWS = YES;
				GENERATE_INFOPLIST_FILE = YES;
				INFOPLIST_KEY_UIApplicationSceneManifest_Generation = YES;
				INFOPLIST_KEY_UIApplicationSupportsIndirectInputEvents = YES;
				INFOPLIST_KEY_UILaunchScreen_Generation = YES;
				INFOPLIST_KEY_UISupportedInterfaceOrientations_iPad = "UIInterfaceOrientationPortrait UIInterfaceOrientationPortraitUpsideDown UIInterfaceOrientationLandscapeLeft UIInterfaceOrientationLandscapeRight";
				INFOPLIST_KEY_UISupportedInterfaceOrientations_iPhone = "UIInterfaceOrientationPortrait UIInterfaceOrientationLandscapeLeft UIInterfaceOrientationLandscapeRight";
				LD_RUNPATH_SEARCH_PATHS = (
					"$(inherited)",
					"@executable_path/Frameworks",
				);
				MARKETING_VERSION = 1.0;
				PRODUCT_BUNDLE_IDENTIFIER = com.eraydiler.CoreDataProject;
				PRODUCT_NAME = "$(TARGET_NAME)";
				SWIFT_EMIT_LOC_STRINGS = YES;
				SWIFT_VERSION = 5.0;
				TARGETED_DEVICE_FAMILY = "1,2";
			};
			name = Debug;
		};
		F9768C1B2AE6872E005502DE /* Release */ = {
			isa = XCBuildConfiguration;
			buildSettings = {
				ASSETCATALOG_COMPILER_APPICON_NAME = AppIcon;
				ASSETCATALOG_COMPILER_GLOBAL_ACCENT_COLOR_NAME = AccentColor;
				CODE_SIGN_STYLE = Automatic;
				CURRENT_PROJECT_VERSION = 1;
				DEVELOPMENT_ASSET_PATHS = "\"CoreDataProject/Preview Content\"";
				DEVELOPMENT_TEAM = KJZJDKU3SG;
				ENABLE_PREVIEWS = YES;
				GENERATE_INFOPLIST_FILE = YES;
				INFOPLIST_KEY_UIApplicationSceneManifest_Generation = YES;
				INFOPLIST_KEY_UIApplicationSupportsIndirectInputEvents = YES;
				INFOPLIST_KEY_UILaunchScreen_Generation = YES;
				INFOPLIST_KEY_UISupportedInterfaceOrientations_iPad = "UIInterfaceOrientationPortrait UIInterfaceOrientationPortraitUpsideDown UIInterfaceOrientationLandscapeLeft UIInterfaceOrientationLandscapeRight";
				INFOPLIST_KEY_UISupportedInterfaceOrientations_iPhone = "UIInterfaceOrientationPortrait UIInterfaceOrientationLandscapeLeft UIInterfaceOrientationLandscapeRight";
				LD_RUNPATH_SEARCH_PATHS = (
					"$(inherited)",
					"@executable_path/Frameworks",
				);
				MARKETING_VERSION = 1.0;
				PRODUCT_BUNDLE_IDENTIFIER = com.eraydiler.CoreDataProject;
				PRODUCT_NAME = "$(TARGET_NAME)";
				SWIFT_EMIT_LOC_STRINGS = YES;
				SWIFT_VERSION = 5.0;
				TARGETED_DEVICE_FAMILY = "1,2";
			};
			name = Release;
		};
/* End XCBuildConfiguration section */

/* Begin XCConfigurationList section */
		F9768C062AE6872D005502DE /* Build configuration list for PBXProject "CoreDataProject" */ = {
			isa = XCConfigurationList;
			buildConfigurations = (
				F9768C172AE6872E005502DE /* Debug */,
				F9768C182AE6872E005502DE /* Release */,
			);
			defaultConfigurationIsVisible = 0;
			defaultConfigurationName = Release;
		};
		F9768C192AE6872E005502DE /* Build configuration list for PBXNativeTarget "CoreDataProject" */ = {
			isa = XCConfigurationList;
			buildConfigurations = (
				F9768C1A2AE6872E005502DE /* Debug */,
				F9768C1B2AE6872E005502DE /* Release */,
			);
			defaultConfigurationIsVisible = 0;
			defaultConfigurationName = Release;
		};
/* End XCConfigurationList section */

/* Begin XCVersionGroup section */
		F9768C212AE687E1005502DE /* Practices.xcdatamodeld */ = {
			isa = XCVersionGroup;
			children = (
				F9768C222AE687E1005502DE /* CoreDataProject.xcdatamodel */,
			);
			currentVersion = F9768C222AE687E1005502DE /* CoreDataProject.xcdatamodel */;
			path = Practices.xcdatamodeld;
			sourceTree = "<group>";
			versionGroupType = wrapper.xcdatamodel;
		};
/* End XCVersionGroup section */
	};
	rootObject = F9768C032AE6872D005502DE /* Project object */;
}
